// !$*UTF8*$!
{
	archiveVersion = 1;
	classes = {
	};
	objectVersion = 46;
	objects = {

/* Begin PBXBuildFile section */
		5A1596921BA662D000DA5FBB /* FDSlideBar.m in Sources */ = {isa = PBXBuildFile; fileRef = 5A15968F1BA662D000DA5FBB /* FDSlideBar.m */; };
		5A1596931BA662D000DA5FBB /* FDSlideBarItem.m in Sources */ = {isa = PBXBuildFile; fileRef = 5A1596911BA662D000DA5FBB /* FDSlideBarItem.m */; };
		5A2223451B8C62ED000D9BCB /* MKAnnotationView+WebCache.m in Sources */ = {isa = PBXBuildFile; fileRef = 5A2223251B8C62ED000D9BCB /* MKAnnotationView+WebCache.m */; };
		5A2223461B8C62ED000D9BCB /* NSData+ImageContentType.m in Sources */ = {isa = PBXBuildFile; fileRef = 5A2223271B8C62ED000D9BCB /* NSData+ImageContentType.m */; };
		5A2223471B8C62ED000D9BCB /* SDImageCache.m in Sources */ = {isa = PBXBuildFile; fileRef = 5A2223291B8C62ED000D9BCB /* SDImageCache.m */; };
		5A2223481B8C62ED000D9BCB /* SDWebImageCompat.m in Sources */ = {isa = PBXBuildFile; fileRef = 5A22232B1B8C62ED000D9BCB /* SDWebImageCompat.m */; };
		5A2223491B8C62ED000D9BCB /* SDWebImageDecoder.m in Sources */ = {isa = PBXBuildFile; fileRef = 5A22232D1B8C62ED000D9BCB /* SDWebImageDecoder.m */; };
		5A22234A1B8C62ED000D9BCB /* SDWebImageDownloader.m in Sources */ = {isa = PBXBuildFile; fileRef = 5A22232F1B8C62ED000D9BCB /* SDWebImageDownloader.m */; };
		5A22234B1B8C62ED000D9BCB /* SDWebImageDownloaderOperation.m in Sources */ = {isa = PBXBuildFile; fileRef = 5A2223311B8C62ED000D9BCB /* SDWebImageDownloaderOperation.m */; };
		5A22234C1B8C62ED000D9BCB /* SDWebImageManager.m in Sources */ = {isa = PBXBuildFile; fileRef = 5A2223331B8C62ED000D9BCB /* SDWebImageManager.m */; };
		5A22234D1B8C62ED000D9BCB /* SDWebImagePrefetcher.m in Sources */ = {isa = PBXBuildFile; fileRef = 5A2223361B8C62ED000D9BCB /* SDWebImagePrefetcher.m */; };
		5A22234E1B8C62ED000D9BCB /* UIButton+WebCache.m in Sources */ = {isa = PBXBuildFile; fileRef = 5A2223381B8C62ED000D9BCB /* UIButton+WebCache.m */; };
		5A22234F1B8C62ED000D9BCB /* UIImage+GIF.m in Sources */ = {isa = PBXBuildFile; fileRef = 5A22233A1B8C62ED000D9BCB /* UIImage+GIF.m */; };
		5A2223501B8C62ED000D9BCB /* UIImage+MultiFormat.m in Sources */ = {isa = PBXBuildFile; fileRef = 5A22233C1B8C62ED000D9BCB /* UIImage+MultiFormat.m */; };
		5A2223511B8C62ED000D9BCB /* UIImage+WebP.m in Sources */ = {isa = PBXBuildFile; fileRef = 5A22233E1B8C62ED000D9BCB /* UIImage+WebP.m */; };
		5A2223521B8C62ED000D9BCB /* UIImageView+HighlightedWebCache.m in Sources */ = {isa = PBXBuildFile; fileRef = 5A2223401B8C62ED000D9BCB /* UIImageView+HighlightedWebCache.m */; };
		5A2223531B8C62ED000D9BCB /* UIImageView+WebCache.m in Sources */ = {isa = PBXBuildFile; fileRef = 5A2223421B8C62ED000D9BCB /* UIImageView+WebCache.m */; };
		5A2223541B8C62ED000D9BCB /* UIView+WebCacheOperation.m in Sources */ = {isa = PBXBuildFile; fileRef = 5A2223441B8C62ED000D9BCB /* UIView+WebCacheOperation.m */; };
		5A3FE8331B8C0EDB00E3DD70 /* CBHotShowingCell.m in Sources */ = {isa = PBXBuildFile; fileRef = 5A3FE8311B8C0EDB00E3DD70 /* CBHotShowingCell.m */; };
		5A3FE8341B8C0EDB00E3DD70 /* CBHotShowingCell.xib in Resources */ = {isa = PBXBuildFile; fileRef = 5A3FE8321B8C0EDB00E3DD70 /* CBHotShowingCell.xib */; };
		5A96D5E71B870C6900F88664 /* MBProgressHUD.m in Sources */ = {isa = PBXBuildFile; fileRef = 5A96D5E61B870C6900F88664 /* MBProgressHUD.m */; };
		5A96D6021B871F4300F88664 /* JSONModel.m in Sources */ = {isa = PBXBuildFile; fileRef = 5A96D5EB1B871F4300F88664 /* JSONModel.m */; };
		5A96D6031B871F4300F88664 /* JSONModelArray.m in Sources */ = {isa = PBXBuildFile; fileRef = 5A96D5ED1B871F4300F88664 /* JSONModelArray.m */; };
		5A96D6041B871F4300F88664 /* JSONModelClassProperty.m in Sources */ = {isa = PBXBuildFile; fileRef = 5A96D5EF1B871F4300F88664 /* JSONModelClassProperty.m */; };
		5A96D6051B871F4300F88664 /* JSONModelError.m in Sources */ = {isa = PBXBuildFile; fileRef = 5A96D5F11B871F4300F88664 /* JSONModelError.m */; };
		5A96D6061B871F4300F88664 /* NSArray+JSONModel.m in Sources */ = {isa = PBXBuildFile; fileRef = 5A96D5F41B871F4300F88664 /* NSArray+JSONModel.m */; };
		5A96D6071B871F4300F88664 /* JSONAPI.m in Sources */ = {isa = PBXBuildFile; fileRef = 5A96D5F81B871F4300F88664 /* JSONAPI.m */; };
		5A96D6081B871F4300F88664 /* JSONHTTPClient.m in Sources */ = {isa = PBXBuildFile; fileRef = 5A96D5FA1B871F4300F88664 /* JSONHTTPClient.m */; };
		5A96D6091B871F4300F88664 /* JSONModel+networking.m in Sources */ = {isa = PBXBuildFile; fileRef = 5A96D5FC1B871F4300F88664 /* JSONModel+networking.m */; };
		5A96D60A1B871F4300F88664 /* JSONKeyMapper.m in Sources */ = {isa = PBXBuildFile; fileRef = 5A96D5FF1B871F4300F88664 /* JSONKeyMapper.m */; };
		5A96D60B1B871F4300F88664 /* JSONValueTransformer.m in Sources */ = {isa = PBXBuildFile; fileRef = 5A96D6011B871F4300F88664 /* JSONValueTransformer.m */; };
		5A96D60F1B87200E00F88664 /* MovieOfCityModel.m in Sources */ = {isa = PBXBuildFile; fileRef = 5A96D60E1B87200E00F88664 /* MovieOfCityModel.m */; };
		5A96D6151B87211F00F88664 /* LocationModel.m in Sources */ = {isa = PBXBuildFile; fileRef = 5A96D6141B87211F00F88664 /* LocationModel.m */; };
		5A96D61A1B872B3400F88664 /* MovieModel.m in Sources */ = {isa = PBXBuildFile; fileRef = 5A96D6191B872B3400F88664 /* MovieModel.m */; };
		5A96D69D1B8AAD7B00F88664 /* libMobClickLibrary.a in Frameworks */ = {isa = PBXBuildFile; fileRef = 5A96D69A1B8AAD7B00F88664 /* libMobClickLibrary.a */; };
		5A96D6A01B8B0E6100F88664 /* CoreData.framework in Frameworks */ = {isa = PBXBuildFile; fileRef = 5A96D69F1B8B0E6100F88664 /* CoreData.framework */; };
		5A96D6A11B8B0E9100F88664 /* SystemConfiguration.framework in Frameworks */ = {isa = PBXBuildFile; fileRef = 5A96D6161B87288F00F88664 /* SystemConfiguration.framework */; };
		5A96D6A21B8B0E9F00F88664 /* CoreLocation.framework in Frameworks */ = {isa = PBXBuildFile; fileRef = 5AD2FBF71B85CB0F0017CE9A /* CoreLocation.framework */; };
		5A96D6A31B8B0EB000F88664 /* libz.dylib in Frameworks */ = {isa = PBXBuildFile; fileRef = 5AD2FBFE1B85DC8F0017CE9A /* libz.dylib */; };
		5A96D6A61B8B0F4E00F88664 /* CBMovie.xcdatamodeld in Sources */ = {isa = PBXBuildFile; fileRef = 5A96D6A41B8B0F4E00F88664 /* CBMovie.xcdatamodeld */; };
		5A96D6AF1B8B207F00F88664 /* LocationEntity.m in Sources */ = {isa = PBXBuildFile; fileRef = 5A96D6AE1B8B207F00F88664 /* LocationEntity.m */; };
		5AD2FB781B855E530017CE9A /* CBHelper.m in Sources */ = {isa = PBXBuildFile; fileRef = 5AD2FB771B855E530017CE9A /* CBHelper.m */; };
		5AD2FB7E1B85850D0017CE9A /* CBCustomTabBarItem.m in Sources */ = {isa = PBXBuildFile; fileRef = 5AD2FB7D1B85850D0017CE9A /* CBCustomTabBarItem.m */; };
		5AD2FB811B85B55C0017CE9A /* CBHomeViewController.m in Sources */ = {isa = PBXBuildFile; fileRef = 5AD2FB801B85B55C0017CE9A /* CBHomeViewController.m */; };
		5AD2FBE41B85BCFB0017CE9A /* AFHTTPRequestOperation.m in Sources */ = {isa = PBXBuildFile; fileRef = 5AD2FBBF1B85BCFB0017CE9A /* AFHTTPRequestOperation.m */; };
		5AD2FBE51B85BCFB0017CE9A /* AFHTTPRequestOperationManager.m in Sources */ = {isa = PBXBuildFile; fileRef = 5AD2FBC11B85BCFB0017CE9A /* AFHTTPRequestOperationManager.m */; };
		5AD2FBE61B85BCFB0017CE9A /* AFHTTPSessionManager.m in Sources */ = {isa = PBXBuildFile; fileRef = 5AD2FBC31B85BCFB0017CE9A /* AFHTTPSessionManager.m */; };
		5AD2FBE71B85BCFB0017CE9A /* AFNetworkReachabilityManager.m in Sources */ = {isa = PBXBuildFile; fileRef = 5AD2FBC61B85BCFB0017CE9A /* AFNetworkReachabilityManager.m */; };
		5AD2FBE81B85BCFB0017CE9A /* AFSecurityPolicy.m in Sources */ = {isa = PBXBuildFile; fileRef = 5AD2FBC81B85BCFB0017CE9A /* AFSecurityPolicy.m */; };
		5AD2FBE91B85BCFB0017CE9A /* AFURLConnectionOperation.m in Sources */ = {isa = PBXBuildFile; fileRef = 5AD2FBCA1B85BCFB0017CE9A /* AFURLConnectionOperation.m */; };
		5AD2FBEA1B85BCFB0017CE9A /* AFURLRequestSerialization.m in Sources */ = {isa = PBXBuildFile; fileRef = 5AD2FBCC1B85BCFB0017CE9A /* AFURLRequestSerialization.m */; };
		5AD2FBEB1B85BCFB0017CE9A /* AFURLResponseSerialization.m in Sources */ = {isa = PBXBuildFile; fileRef = 5AD2FBCE1B85BCFB0017CE9A /* AFURLResponseSerialization.m */; };
		5AD2FBEC1B85BCFB0017CE9A /* AFURLSessionManager.m in Sources */ = {isa = PBXBuildFile; fileRef = 5AD2FBD01B85BCFB0017CE9A /* AFURLSessionManager.m */; };
		5AD2FBED1B85BCFB0017CE9A /* LICENSE in Resources */ = {isa = PBXBuildFile; fileRef = 5AD2FBD11B85BCFB0017CE9A /* LICENSE */; };
		5AD2FBEE1B85BCFB0017CE9A /* AFNetworkActivityIndicatorManager.m in Sources */ = {isa = PBXBuildFile; fileRef = 5AD2FBD41B85BCFB0017CE9A /* AFNetworkActivityIndicatorManager.m */; };
		5AD2FBEF1B85BCFB0017CE9A /* UIActivityIndicatorView+AFNetworking.m in Sources */ = {isa = PBXBuildFile; fileRef = 5AD2FBD61B85BCFB0017CE9A /* UIActivityIndicatorView+AFNetworking.m */; };
		5AD2FBF01B85BCFB0017CE9A /* UIAlertView+AFNetworking.m in Sources */ = {isa = PBXBuildFile; fileRef = 5AD2FBD81B85BCFB0017CE9A /* UIAlertView+AFNetworking.m */; };
		5AD2FBF11B85BCFB0017CE9A /* UIButton+AFNetworking.m in Sources */ = {isa = PBXBuildFile; fileRef = 5AD2FBDA1B85BCFB0017CE9A /* UIButton+AFNetworking.m */; };
		5AD2FBF21B85BCFB0017CE9A /* UIImageView+AFNetworking.m in Sources */ = {isa = PBXBuildFile; fileRef = 5AD2FBDC1B85BCFB0017CE9A /* UIImageView+AFNetworking.m */; };
		5AD2FBF31B85BCFB0017CE9A /* UIProgressView+AFNetworking.m in Sources */ = {isa = PBXBuildFile; fileRef = 5AD2FBDF1B85BCFB0017CE9A /* UIProgressView+AFNetworking.m */; };
		5AD2FBF41B85BCFB0017CE9A /* UIRefreshControl+AFNetworking.m in Sources */ = {isa = PBXBuildFile; fileRef = 5AD2FBE11B85BCFB0017CE9A /* UIRefreshControl+AFNetworking.m */; };
		5AD2FBF51B85BCFB0017CE9A /* UIWebView+AFNetworking.m in Sources */ = {isa = PBXBuildFile; fileRef = 5AD2FBE31B85BCFB0017CE9A /* UIWebView+AFNetworking.m */; };
		5AD517CD1B9FEC8F008CFD7D /* CBModelDataRequest.m in Sources */ = {isa = PBXBuildFile; fileRef = 5AD517CC1B9FEC8F008CFD7D /* CBModelDataRequest.m */; };
		5AD517D31BA015C7008CFD7D /* CBHttpDataRequestManager.m in Sources */ = {isa = PBXBuildFile; fileRef = 5AD517D21BA015C7008CFD7D /* CBHttpDataRequestManager.m */; };
		5AD517F81BA03942008CFD7D /* AVFoundation.framework in Frameworks */ = {isa = PBXBuildFile; fileRef = 5AD517F71BA03942008CFD7D /* AVFoundation.framework */; };
		5AD517FA1BA03955008CFD7D /* CoreMedia.framework in Frameworks */ = {isa = PBXBuildFile; fileRef = 5AD517F91BA03955008CFD7D /* CoreMedia.framework */; };
		5AD517FC1BA03973008CFD7D /* CoreVideo.framework in Frameworks */ = {isa = PBXBuildFile; fileRef = 5AD517FB1BA03973008CFD7D /* CoreVideo.framework */; };
		5AD517FE1BA03987008CFD7D /* QuartzCore.framework in Frameworks */ = {isa = PBXBuildFile; fileRef = 5AD517FD1BA03987008CFD7D /* QuartzCore.framework */; };
		5AD518001BA039AD008CFD7D /* libiconv.dylib in Frameworks */ = {isa = PBXBuildFile; fileRef = 5AD517FF1BA039AD008CFD7D /* libiconv.dylib */; };
		5AD5DA711B9D7ADD00C71B23 /* CBTableViewDataSource.m in Sources */ = {isa = PBXBuildFile; fileRef = 5AD5DA701B9D7ADD00C71B23 /* CBTableViewDataSource.m */; };
		5AD7C5AE1B9EA60800D00576 /* CBUsaHeaderView.m in Sources */ = {isa = PBXBuildFile; fileRef = 5AD7C5AD1B9EA60800D00576 /* CBUsaHeaderView.m */; };
		5AD7C5B01B9EA62800D00576 /* CBUsaHeaderView.xib in Resources */ = {isa = PBXBuildFile; fileRef = 5AD7C5AF1B9EA62800D00576 /* CBUsaHeaderView.xib */; };
		5AD7ED391BA7FFAF007A3998 /* CBQRCodeViewController.m in Sources */ = {isa = PBXBuildFile; fileRef = 5AD7ED381BA7FFAF007A3998 /* CBQRCodeViewController.m */; };
		5AD8ABA21BA26B4A0015DFA4 /* RootController.m in Sources */ = {isa = PBXBuildFile; fileRef = 5AD8ABA11BA26B4A0015DFA4 /* RootController.m */; };
		5AD8ABA51BA280680015DFA4 /* CBTabBarController.m in Sources */ = {isa = PBXBuildFile; fileRef = 5AD8ABA41BA280680015DFA4 /* CBTabBarController.m */; };
		5AD8E5161BA110AF00DE83D4 /* libzbar.a in Frameworks */ = {isa = PBXBuildFile; fileRef = 5AD8E5101BA110AF00DE83D4 /* libzbar.a */; };
		5AD8E5171BA110AF00DE83D4 /* zbar-back.png in Resources */ = {isa = PBXBuildFile; fileRef = 5AD8E5121BA110AF00DE83D4 /* zbar-back.png */; };
		5AD8E5181BA110AF00DE83D4 /* zbar-help.html in Resources */ = {isa = PBXBuildFile; fileRef = 5AD8E5131BA110AF00DE83D4 /* zbar-help.html */; };
		5AD8E5191BA110AF00DE83D4 /* zbar-helpicons.png in Resources */ = {isa = PBXBuildFile; fileRef = 5AD8E5141BA110AF00DE83D4 /* zbar-helpicons.png */; };
		5AD8E51A1BA110AF00DE83D4 /* zbar-samples.png in Resources */ = {isa = PBXBuildFile; fileRef = 5AD8E5151BA110AF00DE83D4 /* zbar-samples.png */; };
		5AD8E5551BA1868E00DE83D4 /* CBTitleView.m in Sources */ = {isa = PBXBuildFile; fileRef = 5AD8E5541BA1868E00DE83D4 /* CBTitleView.m */; };
		5AD8E5571BA186A000DE83D4 /* CBTitleView.xib in Resources */ = {isa = PBXBuildFile; fileRef = 5AD8E5561BA186A000DE83D4 /* CBTitleView.xib */; };
		5AD8EFE11B848EF900CC298B /* CBMainViewController.m in Sources */ = {isa = PBXBuildFile; fileRef = 5AD8EFE01B848EF900CC298B /* CBMainViewController.m */; };
		5AD8EFE71B84920A00CC298B /* CBTop250ViewController.m in Sources */ = {isa = PBXBuildFile; fileRef = 5AD8EFE61B84920A00CC298B /* CBTop250ViewController.m */; };
		5AD8EFEA1B84923300CC298B /* CBUSAViewController.m in Sources */ = {isa = PBXBuildFile; fileRef = 5AD8EFE91B84923300CC298B /* CBUSAViewController.m */; };
		5AD8EFED1B84924400CC298B /* CBNewsViewController.m in Sources */ = {isa = PBXBuildFile; fileRef = 5AD8EFEC1B84924400CC298B /* CBNewsViewController.m */; };
		5ADA02901B7489B00020BFD2 /* main.m in Sources */ = {isa = PBXBuildFile; fileRef = 5ADA028F1B7489B00020BFD2 /* main.m */; };
		5ADA02931B7489B00020BFD2 /* AppDelegate.m in Sources */ = {isa = PBXBuildFile; fileRef = 5ADA02921B7489B00020BFD2 /* AppDelegate.m */; };
		5ADA02961B7489B00020BFD2 /* ViewController.m in Sources */ = {isa = PBXBuildFile; fileRef = 5ADA02951B7489B00020BFD2 /* ViewController.m */; };
		5ADA02991B7489B00020BFD2 /* Main.storyboard in Resources */ = {isa = PBXBuildFile; fileRef = 5ADA02971B7489B00020BFD2 /* Main.storyboard */; };
		5ADA029B1B7489B00020BFD2 /* Images.xcassets in Resources */ = {isa = PBXBuildFile; fileRef = 5ADA029A1B7489B00020BFD2 /* Images.xcassets */; };
		5ADA029E1B7489B00020BFD2 /* LaunchScreen.xib in Resources */ = {isa = PBXBuildFile; fileRef = 5ADA029C1B7489B00020BFD2 /* LaunchScreen.xib */; };
		5ADA02AA1B7489B00020BFD2 /* CBMovieTests.m in Sources */ = {isa = PBXBuildFile; fileRef = 5ADA02A91B7489B00020BFD2 /* CBMovieTests.m */; };
/* End PBXBuildFile section */

/* Begin PBXContainerItemProxy section */
		5ADA02A41B7489B00020BFD2 /* PBXContainerItemProxy */ = {
			isa = PBXContainerItemProxy;
			containerPortal = 5ADA02821B7489B00020BFD2 /* Project object */;
			proxyType = 1;
			remoteGlobalIDString = 5ADA02891B7489B00020BFD2;
			remoteInfo = CBMovie;
		};
/* End PBXContainerItemProxy section */

/* Begin PBXFileReference section */
		5A15968E1BA662D000DA5FBB /* FDSlideBar.h */ = {isa = PBXFileReference; fileEncoding = 4; lastKnownFileType = sourcecode.c.h; path = FDSlideBar.h; sourceTree = "<group>"; };
		5A15968F1BA662D000DA5FBB /* FDSlideBar.m */ = {isa = PBXFileReference; fileEncoding = 4; lastKnownFileType = sourcecode.c.objc; path = FDSlideBar.m; sourceTree = "<group>"; };
		5A1596901BA662D000DA5FBB /* FDSlideBarItem.h */ = {isa = PBXFileReference; fileEncoding = 4; lastKnownFileType = sourcecode.c.h; path = FDSlideBarItem.h; sourceTree = "<group>"; };
		5A1596911BA662D000DA5FBB /* FDSlideBarItem.m */ = {isa = PBXFileReference; fileEncoding = 4; lastKnownFileType = sourcecode.c.objc; path = FDSlideBarItem.m; sourceTree = "<group>"; };
		5A2223241B8C62ED000D9BCB /* MKAnnotationView+WebCache.h */ = {isa = PBXFileReference; fileEncoding = 4; lastKnownFileType = sourcecode.c.h; path = "MKAnnotationView+WebCache.h"; sourceTree = "<group>"; };
		5A2223251B8C62ED000D9BCB /* MKAnnotationView+WebCache.m */ = {isa = PBXFileReference; fileEncoding = 4; lastKnownFileType = sourcecode.c.objc; path = "MKAnnotationView+WebCache.m"; sourceTree = "<group>"; };
		5A2223261B8C62ED000D9BCB /* NSData+ImageContentType.h */ = {isa = PBXFileReference; fileEncoding = 4; lastKnownFileType = sourcecode.c.h; path = "NSData+ImageContentType.h"; sourceTree = "<group>"; };
		5A2223271B8C62ED000D9BCB /* NSData+ImageContentType.m */ = {isa = PBXFileReference; fileEncoding = 4; lastKnownFileType = sourcecode.c.objc; path = "NSData+ImageContentType.m"; sourceTree = "<group>"; };
		5A2223281B8C62ED000D9BCB /* SDImageCache.h */ = {isa = PBXFileReference; fileEncoding = 4; lastKnownFileType = sourcecode.c.h; path = SDImageCache.h; sourceTree = "<group>"; };
		5A2223291B8C62ED000D9BCB /* SDImageCache.m */ = {isa = PBXFileReference; fileEncoding = 4; lastKnownFileType = sourcecode.c.objc; path = SDImageCache.m; sourceTree = "<group>"; };
		5A22232A1B8C62ED000D9BCB /* SDWebImageCompat.h */ = {isa = PBXFileReference; fileEncoding = 4; lastKnownFileType = sourcecode.c.h; path = SDWebImageCompat.h; sourceTree = "<group>"; };
		5A22232B1B8C62ED000D9BCB /* SDWebImageCompat.m */ = {isa = PBXFileReference; fileEncoding = 4; lastKnownFileType = sourcecode.c.objc; path = SDWebImageCompat.m; sourceTree = "<group>"; };
		5A22232C1B8C62ED000D9BCB /* SDWebImageDecoder.h */ = {isa = PBXFileReference; fileEncoding = 4; lastKnownFileType = sourcecode.c.h; path = SDWebImageDecoder.h; sourceTree = "<group>"; };
		5A22232D1B8C62ED000D9BCB /* SDWebImageDecoder.m */ = {isa = PBXFileReference; fileEncoding = 4; lastKnownFileType = sourcecode.c.objc; path = SDWebImageDecoder.m; sourceTree = "<group>"; };
		5A22232E1B8C62ED000D9BCB /* SDWebImageDownloader.h */ = {isa = PBXFileReference; fileEncoding = 4; lastKnownFileType = sourcecode.c.h; path = SDWebImageDownloader.h; sourceTree = "<group>"; };
		5A22232F1B8C62ED000D9BCB /* SDWebImageDownloader.m */ = {isa = PBXFileReference; fileEncoding = 4; lastKnownFileType = sourcecode.c.objc; path = SDWebImageDownloader.m; sourceTree = "<group>"; };
		5A2223301B8C62ED000D9BCB /* SDWebImageDownloaderOperation.h */ = {isa = PBXFileReference; fileEncoding = 4; lastKnownFileType = sourcecode.c.h; path = SDWebImageDownloaderOperation.h; sourceTree = "<group>"; };
		5A2223311B8C62ED000D9BCB /* SDWebImageDownloaderOperation.m */ = {isa = PBXFileReference; fileEncoding = 4; lastKnownFileType = sourcecode.c.objc; path = SDWebImageDownloaderOperation.m; sourceTree = "<group>"; };
		5A2223321B8C62ED000D9BCB /* SDWebImageManager.h */ = {isa = PBXFileReference; fileEncoding = 4; lastKnownFileType = sourcecode.c.h; path = SDWebImageManager.h; sourceTree = "<group>"; };
		5A2223331B8C62ED000D9BCB /* SDWebImageManager.m */ = {isa = PBXFileReference; fileEncoding = 4; lastKnownFileType = sourcecode.c.objc; path = SDWebImageManager.m; sourceTree = "<group>"; };
		5A2223341B8C62ED000D9BCB /* SDWebImageOperation.h */ = {isa = PBXFileReference; fileEncoding = 4; lastKnownFileType = sourcecode.c.h; path = SDWebImageOperation.h; sourceTree = "<group>"; };
		5A2223351B8C62ED000D9BCB /* SDWebImagePrefetcher.h */ = {isa = PBXFileReference; fileEncoding = 4; lastKnownFileType = sourcecode.c.h; path = SDWebImagePrefetcher.h; sourceTree = "<group>"; };
		5A2223361B8C62ED000D9BCB /* SDWebImagePrefetcher.m */ = {isa = PBXFileReference; fileEncoding = 4; lastKnownFileType = sourcecode.c.objc; path = SDWebImagePrefetcher.m; sourceTree = "<group>"; };
		5A2223371B8C62ED000D9BCB /* UIButton+WebCache.h */ = {isa = PBXFileReference; fileEncoding = 4; lastKnownFileType = sourcecode.c.h; path = "UIButton+WebCache.h"; sourceTree = "<group>"; };
		5A2223381B8C62ED000D9BCB /* UIButton+WebCache.m */ = {isa = PBXFileReference; fileEncoding = 4; lastKnownFileType = sourcecode.c.objc; path = "UIButton+WebCache.m"; sourceTree = "<group>"; };
		5A2223391B8C62ED000D9BCB /* UIImage+GIF.h */ = {isa = PBXFileReference; fileEncoding = 4; lastKnownFileType = sourcecode.c.h; path = "UIImage+GIF.h"; sourceTree = "<group>"; };
		5A22233A1B8C62ED000D9BCB /* UIImage+GIF.m */ = {isa = PBXFileReference; fileEncoding = 4; lastKnownFileType = sourcecode.c.objc; path = "UIImage+GIF.m"; sourceTree = "<group>"; };
		5A22233B1B8C62ED000D9BCB /* UIImage+MultiFormat.h */ = {isa = PBXFileReference; fileEncoding = 4; lastKnownFileType = sourcecode.c.h; path = "UIImage+MultiFormat.h"; sourceTree = "<group>"; };
		5A22233C1B8C62ED000D9BCB /* UIImage+MultiFormat.m */ = {isa = PBXFileReference; fileEncoding = 4; lastKnownFileType = sourcecode.c.objc; path = "UIImage+MultiFormat.m"; sourceTree = "<group>"; };
		5A22233D1B8C62ED000D9BCB /* UIImage+WebP.h */ = {isa = PBXFileReference; fileEncoding = 4; lastKnownFileType = sourcecode.c.h; path = "UIImage+WebP.h"; sourceTree = "<group>"; };
		5A22233E1B8C62ED000D9BCB /* UIImage+WebP.m */ = {isa = PBXFileReference; fileEncoding = 4; lastKnownFileType = sourcecode.c.objc; path = "UIImage+WebP.m"; sourceTree = "<group>"; };
		5A22233F1B8C62ED000D9BCB /* UIImageView+HighlightedWebCache.h */ = {isa = PBXFileReference; fileEncoding = 4; lastKnownFileType = sourcecode.c.h; path = "UIImageView+HighlightedWebCache.h"; sourceTree = "<group>"; };
		5A2223401B8C62ED000D9BCB /* UIImageView+HighlightedWebCache.m */ = {isa = PBXFileReference; fileEncoding = 4; lastKnownFileType = sourcecode.c.objc; path = "UIImageView+HighlightedWebCache.m"; sourceTree = "<group>"; };
		5A2223411B8C62ED000D9BCB /* UIImageView+WebCache.h */ = {isa = PBXFileReference; fileEncoding = 4; lastKnownFileType = sourcecode.c.h; path = "UIImageView+WebCache.h"; sourceTree = "<group>"; };
		5A2223421B8C62ED000D9BCB /* UIImageView+WebCache.m */ = {isa = PBXFileReference; fileEncoding = 4; lastKnownFileType = sourcecode.c.objc; path = "UIImageView+WebCache.m"; sourceTree = "<group>"; };
		5A2223431B8C62ED000D9BCB /* UIView+WebCacheOperation.h */ = {isa = PBXFileReference; fileEncoding = 4; lastKnownFileType = sourcecode.c.h; path = "UIView+WebCacheOperation.h"; sourceTree = "<group>"; };
		5A2223441B8C62ED000D9BCB /* UIView+WebCacheOperation.m */ = {isa = PBXFileReference; fileEncoding = 4; lastKnownFileType = sourcecode.c.objc; path = "UIView+WebCacheOperation.m"; sourceTree = "<group>"; };
		5A3FE8301B8C0EDB00E3DD70 /* CBHotShowingCell.h */ = {isa = PBXFileReference; fileEncoding = 4; lastKnownFileType = sourcecode.c.h; path = CBHotShowingCell.h; sourceTree = "<group>"; };
		5A3FE8311B8C0EDB00E3DD70 /* CBHotShowingCell.m */ = {isa = PBXFileReference; fileEncoding = 4; lastKnownFileType = sourcecode.c.objc; path = CBHotShowingCell.m; sourceTree = "<group>"; };
		5A3FE8321B8C0EDB00E3DD70 /* CBHotShowingCell.xib */ = {isa = PBXFileReference; fileEncoding = 4; lastKnownFileType = file.xib; path = CBHotShowingCell.xib; sourceTree = "<group>"; };
		5A96D5E51B870C6900F88664 /* MBProgressHUD.h */ = {isa = PBXFileReference; fileEncoding = 4; lastKnownFileType = sourcecode.c.h; path = MBProgressHUD.h; sourceTree = "<group>"; };
		5A96D5E61B870C6900F88664 /* MBProgressHUD.m */ = {isa = PBXFileReference; fileEncoding = 4; lastKnownFileType = sourcecode.c.objc; path = MBProgressHUD.m; sourceTree = "<group>"; };
		5A96D5EA1B871F4300F88664 /* JSONModel.h */ = {isa = PBXFileReference; fileEncoding = 4; lastKnownFileType = sourcecode.c.h; path = JSONModel.h; sourceTree = "<group>"; };
		5A96D5EB1B871F4300F88664 /* JSONModel.m */ = {isa = PBXFileReference; fileEncoding = 4; lastKnownFileType = sourcecode.c.objc; path = JSONModel.m; sourceTree = "<group>"; };
		5A96D5EC1B871F4300F88664 /* JSONModelArray.h */ = {isa = PBXFileReference; fileEncoding = 4; lastKnownFileType = sourcecode.c.h; path = JSONModelArray.h; sourceTree = "<group>"; };
		5A96D5ED1B871F4300F88664 /* JSONModelArray.m */ = {isa = PBXFileReference; fileEncoding = 4; lastKnownFileType = sourcecode.c.objc; path = JSONModelArray.m; sourceTree = "<group>"; };
		5A96D5EE1B871F4300F88664 /* JSONModelClassProperty.h */ = {isa = PBXFileReference; fileEncoding = 4; lastKnownFileType = sourcecode.c.h; path = JSONModelClassProperty.h; sourceTree = "<group>"; };
		5A96D5EF1B871F4300F88664 /* JSONModelClassProperty.m */ = {isa = PBXFileReference; fileEncoding = 4; lastKnownFileType = sourcecode.c.objc; path = JSONModelClassProperty.m; sourceTree = "<group>"; };
		5A96D5F01B871F4300F88664 /* JSONModelError.h */ = {isa = PBXFileReference; fileEncoding = 4; lastKnownFileType = sourcecode.c.h; path = JSONModelError.h; sourceTree = "<group>"; };
		5A96D5F11B871F4300F88664 /* JSONModelError.m */ = {isa = PBXFileReference; fileEncoding = 4; lastKnownFileType = sourcecode.c.objc; path = JSONModelError.m; sourceTree = "<group>"; };
		5A96D5F31B871F4300F88664 /* NSArray+JSONModel.h */ = {isa = PBXFileReference; fileEncoding = 4; lastKnownFileType = sourcecode.c.h; path = "NSArray+JSONModel.h"; sourceTree = "<group>"; };
		5A96D5F41B871F4300F88664 /* NSArray+JSONModel.m */ = {isa = PBXFileReference; fileEncoding = 4; lastKnownFileType = sourcecode.c.objc; path = "NSArray+JSONModel.m"; sourceTree = "<group>"; };
		5A96D5F51B871F4300F88664 /* JSONModelLib.h */ = {isa = PBXFileReference; fileEncoding = 4; lastKnownFileType = sourcecode.c.h; path = JSONModelLib.h; sourceTree = "<group>"; };
		5A96D5F71B871F4300F88664 /* JSONAPI.h */ = {isa = PBXFileReference; fileEncoding = 4; lastKnownFileType = sourcecode.c.h; path = JSONAPI.h; sourceTree = "<group>"; };
		5A96D5F81B871F4300F88664 /* JSONAPI.m */ = {isa = PBXFileReference; fileEncoding = 4; lastKnownFileType = sourcecode.c.objc; path = JSONAPI.m; sourceTree = "<group>"; };
		5A96D5F91B871F4300F88664 /* JSONHTTPClient.h */ = {isa = PBXFileReference; fileEncoding = 4; lastKnownFileType = sourcecode.c.h; path = JSONHTTPClient.h; sourceTree = "<group>"; };
		5A96D5FA1B871F4300F88664 /* JSONHTTPClient.m */ = {isa = PBXFileReference; fileEncoding = 4; lastKnownFileType = sourcecode.c.objc; path = JSONHTTPClient.m; sourceTree = "<group>"; };
		5A96D5FB1B871F4300F88664 /* JSONModel+networking.h */ = {isa = PBXFileReference; fileEncoding = 4; lastKnownFileType = sourcecode.c.h; path = "JSONModel+networking.h"; sourceTree = "<group>"; };
		5A96D5FC1B871F4300F88664 /* JSONModel+networking.m */ = {isa = PBXFileReference; fileEncoding = 4; lastKnownFileType = sourcecode.c.objc; path = "JSONModel+networking.m"; sourceTree = "<group>"; };
		5A96D5FE1B871F4300F88664 /* JSONKeyMapper.h */ = {isa = PBXFileReference; fileEncoding = 4; lastKnownFileType = sourcecode.c.h; path = JSONKeyMapper.h; sourceTree = "<group>"; };
		5A96D5FF1B871F4300F88664 /* JSONKeyMapper.m */ = {isa = PBXFileReference; fileEncoding = 4; lastKnownFileType = sourcecode.c.objc; path = JSONKeyMapper.m; sourceTree = "<group>"; };
		5A96D6001B871F4300F88664 /* JSONValueTransformer.h */ = {isa = PBXFileReference; fileEncoding = 4; lastKnownFileType = sourcecode.c.h; path = JSONValueTransformer.h; sourceTree = "<group>"; };
		5A96D6011B871F4300F88664 /* JSONValueTransformer.m */ = {isa = PBXFileReference; fileEncoding = 4; lastKnownFileType = sourcecode.c.objc; path = JSONValueTransformer.m; sourceTree = "<group>"; };
		5A96D60D1B87200E00F88664 /* MovieOfCityModel.h */ = {isa = PBXFileReference; fileEncoding = 4; lastKnownFileType = sourcecode.c.h; path = MovieOfCityModel.h; sourceTree = "<group>"; };
		5A96D60E1B87200E00F88664 /* MovieOfCityModel.m */ = {isa = PBXFileReference; fileEncoding = 4; lastKnownFileType = sourcecode.c.objc; path = MovieOfCityModel.m; sourceTree = "<group>"; };
		5A96D6131B87211F00F88664 /* LocationModel.h */ = {isa = PBXFileReference; fileEncoding = 4; lastKnownFileType = sourcecode.c.h; path = LocationModel.h; sourceTree = "<group>"; };
		5A96D6141B87211F00F88664 /* LocationModel.m */ = {isa = PBXFileReference; fileEncoding = 4; lastKnownFileType = sourcecode.c.objc; path = LocationModel.m; sourceTree = "<group>"; };
		5A96D6161B87288F00F88664 /* SystemConfiguration.framework */ = {isa = PBXFileReference; lastKnownFileType = wrapper.framework; name = SystemConfiguration.framework; path = System/Library/Frameworks/SystemConfiguration.framework; sourceTree = SDKROOT; };
		5A96D6181B872B3400F88664 /* MovieModel.h */ = {isa = PBXFileReference; fileEncoding = 4; lastKnownFileType = sourcecode.c.h; path = MovieModel.h; sourceTree = "<group>"; };
		5A96D6191B872B3400F88664 /* MovieModel.m */ = {isa = PBXFileReference; fileEncoding = 4; lastKnownFileType = sourcecode.c.objc; path = MovieModel.m; sourceTree = "<group>"; };
		5A96D69A1B8AAD7B00F88664 /* libMobClickLibrary.a */ = {isa = PBXFileReference; lastKnownFileType = archive.ar; path = libMobClickLibrary.a; sourceTree = "<group>"; };
		5A96D69B1B8AAD7B00F88664 /* MobClick.h */ = {isa = PBXFileReference; fileEncoding = 4; lastKnownFileType = sourcecode.c.h; path = MobClick.h; sourceTree = "<group>"; };
		5A96D69C1B8AAD7B00F88664 /* MobClickSocialAnalytics.h */ = {isa = PBXFileReference; fileEncoding = 4; lastKnownFileType = sourcecode.c.h; path = MobClickSocialAnalytics.h; sourceTree = "<group>"; };
		5A96D69F1B8B0E6100F88664 /* CoreData.framework */ = {isa = PBXFileReference; lastKnownFileType = wrapper.framework; name = CoreData.framework; path = System/Library/Frameworks/CoreData.framework; sourceTree = SDKROOT; };
		5A96D6A51B8B0F4E00F88664 /* CBMovie.xcdatamodel */ = {isa = PBXFileReference; lastKnownFileType = wrapper.xcdatamodel; path = CBMovie.xcdatamodel; sourceTree = "<group>"; };
		5A96D6AD1B8B207F00F88664 /* LocationEntity.h */ = {isa = PBXFileReference; fileEncoding = 4; lastKnownFileType = sourcecode.c.h; path = LocationEntity.h; sourceTree = "<group>"; };
		5A96D6AE1B8B207F00F88664 /* LocationEntity.m */ = {isa = PBXFileReference; fileEncoding = 4; lastKnownFileType = sourcecode.c.objc; path = LocationEntity.m; sourceTree = "<group>"; };
		5AD2FB761B855E530017CE9A /* CBHelper.h */ = {isa = PBXFileReference; fileEncoding = 4; lastKnownFileType = sourcecode.c.h; path = CBHelper.h; sourceTree = "<group>"; };
		5AD2FB771B855E530017CE9A /* CBHelper.m */ = {isa = PBXFileReference; fileEncoding = 4; lastKnownFileType = sourcecode.c.objc; path = CBHelper.m; sourceTree = "<group>"; };
		5AD2FB7C1B85850D0017CE9A /* CBCustomTabBarItem.h */ = {isa = PBXFileReference; fileEncoding = 4; lastKnownFileType = sourcecode.c.h; path = CBCustomTabBarItem.h; sourceTree = "<group>"; };
		5AD2FB7D1B85850D0017CE9A /* CBCustomTabBarItem.m */ = {isa = PBXFileReference; fileEncoding = 4; lastKnownFileType = sourcecode.c.objc; path = CBCustomTabBarItem.m; sourceTree = "<group>"; };
		5AD2FB7F1B85B55C0017CE9A /* CBHomeViewController.h */ = {isa = PBXFileReference; fileEncoding = 4; lastKnownFileType = sourcecode.c.h; path = CBHomeViewController.h; sourceTree = "<group>"; };
		5AD2FB801B85B55C0017CE9A /* CBHomeViewController.m */ = {isa = PBXFileReference; fileEncoding = 4; lastKnownFileType = sourcecode.c.objc; path = CBHomeViewController.m; sourceTree = "<group>"; };
		5AD2FBBE1B85BCFB0017CE9A /* AFHTTPRequestOperation.h */ = {isa = PBXFileReference; fileEncoding = 4; lastKnownFileType = sourcecode.c.h; path = AFHTTPRequestOperation.h; sourceTree = "<group>"; };
		5AD2FBBF1B85BCFB0017CE9A /* AFHTTPRequestOperation.m */ = {isa = PBXFileReference; fileEncoding = 4; lastKnownFileType = sourcecode.c.objc; path = AFHTTPRequestOperation.m; sourceTree = "<group>"; };
		5AD2FBC01B85BCFB0017CE9A /* AFHTTPRequestOperationManager.h */ = {isa = PBXFileReference; fileEncoding = 4; lastKnownFileType = sourcecode.c.h; path = AFHTTPRequestOperationManager.h; sourceTree = "<group>"; };
		5AD2FBC11B85BCFB0017CE9A /* AFHTTPRequestOperationManager.m */ = {isa = PBXFileReference; fileEncoding = 4; lastKnownFileType = sourcecode.c.objc; path = AFHTTPRequestOperationManager.m; sourceTree = "<group>"; };
		5AD2FBC21B85BCFB0017CE9A /* AFHTTPSessionManager.h */ = {isa = PBXFileReference; fileEncoding = 4; lastKnownFileType = sourcecode.c.h; path = AFHTTPSessionManager.h; sourceTree = "<group>"; };
		5AD2FBC31B85BCFB0017CE9A /* AFHTTPSessionManager.m */ = {isa = PBXFileReference; fileEncoding = 4; lastKnownFileType = sourcecode.c.objc; path = AFHTTPSessionManager.m; sourceTree = "<group>"; };
		5AD2FBC41B85BCFB0017CE9A /* AFNetworking.h */ = {isa = PBXFileReference; fileEncoding = 4; lastKnownFileType = sourcecode.c.h; path = AFNetworking.h; sourceTree = "<group>"; };
		5AD2FBC51B85BCFB0017CE9A /* AFNetworkReachabilityManager.h */ = {isa = PBXFileReference; fileEncoding = 4; lastKnownFileType = sourcecode.c.h; path = AFNetworkReachabilityManager.h; sourceTree = "<group>"; };
		5AD2FBC61B85BCFB0017CE9A /* AFNetworkReachabilityManager.m */ = {isa = PBXFileReference; fileEncoding = 4; lastKnownFileType = sourcecode.c.objc; path = AFNetworkReachabilityManager.m; sourceTree = "<group>"; };
		5AD2FBC71B85BCFB0017CE9A /* AFSecurityPolicy.h */ = {isa = PBXFileReference; fileEncoding = 4; lastKnownFileType = sourcecode.c.h; path = AFSecurityPolicy.h; sourceTree = "<group>"; };
		5AD2FBC81B85BCFB0017CE9A /* AFSecurityPolicy.m */ = {isa = PBXFileReference; fileEncoding = 4; lastKnownFileType = sourcecode.c.objc; path = AFSecurityPolicy.m; sourceTree = "<group>"; };
		5AD2FBC91B85BCFB0017CE9A /* AFURLConnectionOperation.h */ = {isa = PBXFileReference; fileEncoding = 4; lastKnownFileType = sourcecode.c.h; path = AFURLConnectionOperation.h; sourceTree = "<group>"; };
		5AD2FBCA1B85BCFB0017CE9A /* AFURLConnectionOperation.m */ = {isa = PBXFileReference; fileEncoding = 4; lastKnownFileType = sourcecode.c.objc; path = AFURLConnectionOperation.m; sourceTree = "<group>"; };
		5AD2FBCB1B85BCFB0017CE9A /* AFURLRequestSerialization.h */ = {isa = PBXFileReference; fileEncoding = 4; lastKnownFileType = sourcecode.c.h; path = AFURLRequestSerialization.h; sourceTree = "<group>"; };
		5AD2FBCC1B85BCFB0017CE9A /* AFURLRequestSerialization.m */ = {isa = PBXFileReference; fileEncoding = 4; lastKnownFileType = sourcecode.c.objc; path = AFURLRequestSerialization.m; sourceTree = "<group>"; };
		5AD2FBCD1B85BCFB0017CE9A /* AFURLResponseSerialization.h */ = {isa = PBXFileReference; fileEncoding = 4; lastKnownFileType = sourcecode.c.h; path = AFURLResponseSerialization.h; sourceTree = "<group>"; };
		5AD2FBCE1B85BCFB0017CE9A /* AFURLResponseSerialization.m */ = {isa = PBXFileReference; fileEncoding = 4; lastKnownFileType = sourcecode.c.objc; path = AFURLResponseSerialization.m; sourceTree = "<group>"; };
		5AD2FBCF1B85BCFB0017CE9A /* AFURLSessionManager.h */ = {isa = PBXFileReference; fileEncoding = 4; lastKnownFileType = sourcecode.c.h; path = AFURLSessionManager.h; sourceTree = "<group>"; };
		5AD2FBD01B85BCFB0017CE9A /* AFURLSessionManager.m */ = {isa = PBXFileReference; fileEncoding = 4; lastKnownFileType = sourcecode.c.objc; path = AFURLSessionManager.m; sourceTree = "<group>"; };
		5AD2FBD11B85BCFB0017CE9A /* LICENSE */ = {isa = PBXFileReference; fileEncoding = 4; lastKnownFileType = text; path = LICENSE; sourceTree = "<group>"; };
		5AD2FBD31B85BCFB0017CE9A /* AFNetworkActivityIndicatorManager.h */ = {isa = PBXFileReference; fileEncoding = 4; lastKnownFileType = sourcecode.c.h; path = AFNetworkActivityIndicatorManager.h; sourceTree = "<group>"; };
		5AD2FBD41B85BCFB0017CE9A /* AFNetworkActivityIndicatorManager.m */ = {isa = PBXFileReference; fileEncoding = 4; lastKnownFileType = sourcecode.c.objc; path = AFNetworkActivityIndicatorManager.m; sourceTree = "<group>"; };
		5AD2FBD51B85BCFB0017CE9A /* UIActivityIndicatorView+AFNetworking.h */ = {isa = PBXFileReference; fileEncoding = 4; lastKnownFileType = sourcecode.c.h; path = "UIActivityIndicatorView+AFNetworking.h"; sourceTree = "<group>"; };
		5AD2FBD61B85BCFB0017CE9A /* UIActivityIndicatorView+AFNetworking.m */ = {isa = PBXFileReference; fileEncoding = 4; lastKnownFileType = sourcecode.c.objc; path = "UIActivityIndicatorView+AFNetworking.m"; sourceTree = "<group>"; };
		5AD2FBD71B85BCFB0017CE9A /* UIAlertView+AFNetworking.h */ = {isa = PBXFileReference; fileEncoding = 4; lastKnownFileType = sourcecode.c.h; path = "UIAlertView+AFNetworking.h"; sourceTree = "<group>"; };
		5AD2FBD81B85BCFB0017CE9A /* UIAlertView+AFNetworking.m */ = {isa = PBXFileReference; fileEncoding = 4; lastKnownFileType = sourcecode.c.objc; path = "UIAlertView+AFNetworking.m"; sourceTree = "<group>"; };
		5AD2FBD91B85BCFB0017CE9A /* UIButton+AFNetworking.h */ = {isa = PBXFileReference; fileEncoding = 4; lastKnownFileType = sourcecode.c.h; path = "UIButton+AFNetworking.h"; sourceTree = "<group>"; };
		5AD2FBDA1B85BCFB0017CE9A /* UIButton+AFNetworking.m */ = {isa = PBXFileReference; fileEncoding = 4; lastKnownFileType = sourcecode.c.objc; path = "UIButton+AFNetworking.m"; sourceTree = "<group>"; };
		5AD2FBDB1B85BCFB0017CE9A /* UIImageView+AFNetworking.h */ = {isa = PBXFileReference; fileEncoding = 4; lastKnownFileType = sourcecode.c.h; path = "UIImageView+AFNetworking.h"; sourceTree = "<group>"; };
		5AD2FBDC1B85BCFB0017CE9A /* UIImageView+AFNetworking.m */ = {isa = PBXFileReference; fileEncoding = 4; lastKnownFileType = sourcecode.c.objc; path = "UIImageView+AFNetworking.m"; sourceTree = "<group>"; };
		5AD2FBDD1B85BCFB0017CE9A /* UIKit+AFNetworking.h */ = {isa = PBXFileReference; fileEncoding = 4; lastKnownFileType = sourcecode.c.h; path = "UIKit+AFNetworking.h"; sourceTree = "<group>"; };
		5AD2FBDE1B85BCFB0017CE9A /* UIProgressView+AFNetworking.h */ = {isa = PBXFileReference; fileEncoding = 4; lastKnownFileType = sourcecode.c.h; path = "UIProgressView+AFNetworking.h"; sourceTree = "<group>"; };
		5AD2FBDF1B85BCFB0017CE9A /* UIProgressView+AFNetworking.m */ = {isa = PBXFileReference; fileEncoding = 4; lastKnownFileType = sourcecode.c.objc; path = "UIProgressView+AFNetworking.m"; sourceTree = "<group>"; };
		5AD2FBE01B85BCFB0017CE9A /* UIRefreshControl+AFNetworking.h */ = {isa = PBXFileReference; fileEncoding = 4; lastKnownFileType = sourcecode.c.h; path = "UIRefreshControl+AFNetworking.h"; sourceTree = "<group>"; };
		5AD2FBE11B85BCFB0017CE9A /* UIRefreshControl+AFNetworking.m */ = {isa = PBXFileReference; fileEncoding = 4; lastKnownFileType = sourcecode.c.objc; path = "UIRefreshControl+AFNetworking.m"; sourceTree = "<group>"; };
		5AD2FBE21B85BCFB0017CE9A /* UIWebView+AFNetworking.h */ = {isa = PBXFileReference; fileEncoding = 4; lastKnownFileType = sourcecode.c.h; path = "UIWebView+AFNetworking.h"; sourceTree = "<group>"; };
		5AD2FBE31B85BCFB0017CE9A /* UIWebView+AFNetworking.m */ = {isa = PBXFileReference; fileEncoding = 4; lastKnownFileType = sourcecode.c.objc; path = "UIWebView+AFNetworking.m"; sourceTree = "<group>"; };
		5AD2FBF71B85CB0F0017CE9A /* CoreLocation.framework */ = {isa = PBXFileReference; lastKnownFileType = wrapper.framework; name = CoreLocation.framework; path = System/Library/Frameworks/CoreLocation.framework; sourceTree = SDKROOT; };
		5AD2FBFE1B85DC8F0017CE9A /* libz.dylib */ = {isa = PBXFileReference; lastKnownFileType = "compiled.mach-o.dylib"; name = libz.dylib; path = usr/lib/libz.dylib; sourceTree = SDKROOT; };
		5AD517CB1B9FEC8F008CFD7D /* CBModelDataRequest.h */ = {isa = PBXFileReference; fileEncoding = 4; lastKnownFileType = sourcecode.c.h; path = CBModelDataRequest.h; sourceTree = "<group>"; };
		5AD517CC1B9FEC8F008CFD7D /* CBModelDataRequest.m */ = {isa = PBXFileReference; fileEncoding = 4; lastKnownFileType = sourcecode.c.objc; path = CBModelDataRequest.m; sourceTree = "<group>"; };
		5AD517D11BA015C7008CFD7D /* CBHttpDataRequestManager.h */ = {isa = PBXFileReference; fileEncoding = 4; lastKnownFileType = sourcecode.c.h; path = CBHttpDataRequestManager.h; sourceTree = "<group>"; };
		5AD517D21BA015C7008CFD7D /* CBHttpDataRequestManager.m */ = {isa = PBXFileReference; fileEncoding = 4; lastKnownFileType = sourcecode.c.objc; path = CBHttpDataRequestManager.m; sourceTree = "<group>"; };
		5AD517F71BA03942008CFD7D /* AVFoundation.framework */ = {isa = PBXFileReference; lastKnownFileType = wrapper.framework; name = AVFoundation.framework; path = System/Library/Frameworks/AVFoundation.framework; sourceTree = SDKROOT; };
		5AD517F91BA03955008CFD7D /* CoreMedia.framework */ = {isa = PBXFileReference; lastKnownFileType = wrapper.framework; name = CoreMedia.framework; path = System/Library/Frameworks/CoreMedia.framework; sourceTree = SDKROOT; };
		5AD517FB1BA03973008CFD7D /* CoreVideo.framework */ = {isa = PBXFileReference; lastKnownFileType = wrapper.framework; name = CoreVideo.framework; path = System/Library/Frameworks/CoreVideo.framework; sourceTree = SDKROOT; };
		5AD517FD1BA03987008CFD7D /* QuartzCore.framework */ = {isa = PBXFileReference; lastKnownFileType = wrapper.framework; name = QuartzCore.framework; path = System/Library/Frameworks/QuartzCore.framework; sourceTree = SDKROOT; };
		5AD517FF1BA039AD008CFD7D /* libiconv.dylib */ = {isa = PBXFileReference; lastKnownFileType = "compiled.mach-o.dylib"; name = libiconv.dylib; path = usr/lib/libiconv.dylib; sourceTree = SDKROOT; };
		5AD5DA6F1B9D7ADD00C71B23 /* CBTableViewDataSource.h */ = {isa = PBXFileReference; fileEncoding = 4; lastKnownFileType = sourcecode.c.h; path = CBTableViewDataSource.h; sourceTree = "<group>"; };
		5AD5DA701B9D7ADD00C71B23 /* CBTableViewDataSource.m */ = {isa = PBXFileReference; fileEncoding = 4; lastKnownFileType = sourcecode.c.objc; path = CBTableViewDataSource.m; sourceTree = "<group>"; };
		5AD7C5AC1B9EA60800D00576 /* CBUsaHeaderView.h */ = {isa = PBXFileReference; fileEncoding = 4; lastKnownFileType = sourcecode.c.h; path = CBUsaHeaderView.h; sourceTree = "<group>"; };
		5AD7C5AD1B9EA60800D00576 /* CBUsaHeaderView.m */ = {isa = PBXFileReference; fileEncoding = 4; lastKnownFileType = sourcecode.c.objc; path = CBUsaHeaderView.m; sourceTree = "<group>"; };
		5AD7C5AF1B9EA62800D00576 /* CBUsaHeaderView.xib */ = {isa = PBXFileReference; fileEncoding = 4; lastKnownFileType = file.xib; path = CBUsaHeaderView.xib; sourceTree = "<group>"; };
		5AD7ED371BA7FFAF007A3998 /* CBQRCodeViewController.h */ = {isa = PBXFileReference; fileEncoding = 4; lastKnownFileType = sourcecode.c.h; path = CBQRCodeViewController.h; sourceTree = "<group>"; };
		5AD7ED381BA7FFAF007A3998 /* CBQRCodeViewController.m */ = {isa = PBXFileReference; fileEncoding = 4; lastKnownFileType = sourcecode.c.objc; path = CBQRCodeViewController.m; sourceTree = "<group>"; };
		5AD8ABA01BA26B4A0015DFA4 /* RootController.h */ = {isa = PBXFileReference; fileEncoding = 4; lastKnownFileType = sourcecode.c.h; path = RootController.h; sourceTree = "<group>"; };
		5AD8ABA11BA26B4A0015DFA4 /* RootController.m */ = {isa = PBXFileReference; fileEncoding = 4; lastKnownFileType = sourcecode.c.objc; path = RootController.m; sourceTree = "<group>"; };
		5AD8ABA31BA280680015DFA4 /* CBTabBarController.h */ = {isa = PBXFileReference; fileEncoding = 4; lastKnownFileType = sourcecode.c.h; path = CBTabBarController.h; sourceTree = "<group>"; };
		5AD8ABA41BA280680015DFA4 /* CBTabBarController.m */ = {isa = PBXFileReference; fileEncoding = 4; lastKnownFileType = sourcecode.c.objc; path = CBTabBarController.m; sourceTree = "<group>"; };
		5AD8E4FC1BA110AF00DE83D4 /* Decoder.h */ = {isa = PBXFileReference; fileEncoding = 4; lastKnownFileType = sourcecode.c.h; path = Decoder.h; sourceTree = "<group>"; };
		5AD8E4FD1BA110AF00DE83D4 /* Exception.h */ = {isa = PBXFileReference; fileEncoding = 4; lastKnownFileType = sourcecode.c.h; path = Exception.h; sourceTree = "<group>"; };
		5AD8E4FE1BA110AF00DE83D4 /* Image.h */ = {isa = PBXFileReference; fileEncoding = 4; lastKnownFileType = sourcecode.c.h; path = Image.h; sourceTree = "<group>"; };
		5AD8E4FF1BA110AF00DE83D4 /* ImageScanner.h */ = {isa = PBXFileReference; fileEncoding = 4; lastKnownFileType = sourcecode.c.h; path = ImageScanner.h; sourceTree = "<group>"; };
		5AD8E5001BA110AF00DE83D4 /* Processor.h */ = {isa = PBXFileReference; fileEncoding = 4; lastKnownFileType = sourcecode.c.h; path = Processor.h; sourceTree = "<group>"; };
		5AD8E5011BA110AF00DE83D4 /* Scanner.h */ = {isa = PBXFileReference; fileEncoding = 4; lastKnownFileType = sourcecode.c.h; path = Scanner.h; sourceTree = "<group>"; };
		5AD8E5021BA110AF00DE83D4 /* Symbol.h */ = {isa = PBXFileReference; fileEncoding = 4; lastKnownFileType = sourcecode.c.h; path = Symbol.h; sourceTree = "<group>"; };
		5AD8E5031BA110AF00DE83D4 /* Video.h */ = {isa = PBXFileReference; fileEncoding = 4; lastKnownFileType = sourcecode.c.h; path = Video.h; sourceTree = "<group>"; };
		5AD8E5041BA110AF00DE83D4 /* Window.h */ = {isa = PBXFileReference; fileEncoding = 4; lastKnownFileType = sourcecode.c.h; path = Window.h; sourceTree = "<group>"; };
		5AD8E5051BA110AF00DE83D4 /* zbar.h */ = {isa = PBXFileReference; fileEncoding = 4; lastKnownFileType = sourcecode.c.h; path = zbar.h; sourceTree = "<group>"; };
		5AD8E5061BA110AF00DE83D4 /* ZBarCameraSimulator.h */ = {isa = PBXFileReference; fileEncoding = 4; lastKnownFileType = sourcecode.c.h; path = ZBarCameraSimulator.h; sourceTree = "<group>"; };
		5AD8E5071BA110AF00DE83D4 /* ZBarCaptureReader.h */ = {isa = PBXFileReference; fileEncoding = 4; lastKnownFileType = sourcecode.c.h; path = ZBarCaptureReader.h; sourceTree = "<group>"; };
		5AD8E5081BA110AF00DE83D4 /* ZBarHelpController.h */ = {isa = PBXFileReference; fileEncoding = 4; lastKnownFileType = sourcecode.c.h; path = ZBarHelpController.h; sourceTree = "<group>"; };
		5AD8E5091BA110AF00DE83D4 /* ZBarImage.h */ = {isa = PBXFileReference; fileEncoding = 4; lastKnownFileType = sourcecode.c.h; path = ZBarImage.h; sourceTree = "<group>"; };
		5AD8E50A1BA110AF00DE83D4 /* ZBarImageScanner.h */ = {isa = PBXFileReference; fileEncoding = 4; lastKnownFileType = sourcecode.c.h; path = ZBarImageScanner.h; sourceTree = "<group>"; };
		5AD8E50B1BA110AF00DE83D4 /* ZBarReaderController.h */ = {isa = PBXFileReference; fileEncoding = 4; lastKnownFileType = sourcecode.c.h; path = ZBarReaderController.h; sourceTree = "<group>"; };
		5AD8E50C1BA110AF00DE83D4 /* ZBarReaderView.h */ = {isa = PBXFileReference; fileEncoding = 4; lastKnownFileType = sourcecode.c.h; path = ZBarReaderView.h; sourceTree = "<group>"; };
		5AD8E50D1BA110AF00DE83D4 /* ZBarReaderViewController.h */ = {isa = PBXFileReference; fileEncoding = 4; lastKnownFileType = sourcecode.c.h; path = ZBarReaderViewController.h; sourceTree = "<group>"; };
		5AD8E50E1BA110AF00DE83D4 /* ZBarSDK.h */ = {isa = PBXFileReference; fileEncoding = 4; lastKnownFileType = sourcecode.c.h; path = ZBarSDK.h; sourceTree = "<group>"; };
		5AD8E50F1BA110AF00DE83D4 /* ZBarSymbol.h */ = {isa = PBXFileReference; fileEncoding = 4; lastKnownFileType = sourcecode.c.h; path = ZBarSymbol.h; sourceTree = "<group>"; };
		5AD8E5101BA110AF00DE83D4 /* libzbar.a */ = {isa = PBXFileReference; lastKnownFileType = archive.ar; path = libzbar.a; sourceTree = "<group>"; };
		5AD8E5121BA110AF00DE83D4 /* zbar-back.png */ = {isa = PBXFileReference; lastKnownFileType = image.png; path = "zbar-back.png"; sourceTree = "<group>"; };
		5AD8E5131BA110AF00DE83D4 /* zbar-help.html */ = {isa = PBXFileReference; fileEncoding = 4; lastKnownFileType = text.html; path = "zbar-help.html"; sourceTree = "<group>"; };
		5AD8E5141BA110AF00DE83D4 /* zbar-helpicons.png */ = {isa = PBXFileReference; lastKnownFileType = image.png; path = "zbar-helpicons.png"; sourceTree = "<group>"; };
		5AD8E5151BA110AF00DE83D4 /* zbar-samples.png */ = {isa = PBXFileReference; lastKnownFileType = image.png; path = "zbar-samples.png"; sourceTree = "<group>"; };
		5AD8E5531BA1868E00DE83D4 /* CBTitleView.h */ = {isa = PBXFileReference; fileEncoding = 4; lastKnownFileType = sourcecode.c.h; path = CBTitleView.h; sourceTree = "<group>"; };
		5AD8E5541BA1868E00DE83D4 /* CBTitleView.m */ = {isa = PBXFileReference; fileEncoding = 4; lastKnownFileType = sourcecode.c.objc; path = CBTitleView.m; sourceTree = "<group>"; };
		5AD8E5561BA186A000DE83D4 /* CBTitleView.xib */ = {isa = PBXFileReference; fileEncoding = 4; lastKnownFileType = file.xib; path = CBTitleView.xib; sourceTree = "<group>"; };
		5AD8EFDD1B84730A00CC298B /* CBMovie-Prefix.pch */ = {isa = PBXFileReference; lastKnownFileType = sourcecode.c.h; path = "CBMovie-Prefix.pch"; sourceTree = "<group>"; };
		5AD8EFDF1B848EF900CC298B /* CBMainViewController.h */ = {isa = PBXFileReference; fileEncoding = 4; lastKnownFileType = sourcecode.c.h; path = CBMainViewController.h; sourceTree = "<group>"; };
		5AD8EFE01B848EF900CC298B /* CBMainViewController.m */ = {isa = PBXFileReference; fileEncoding = 4; lastKnownFileType = sourcecode.c.objc; path = CBMainViewController.m; sourceTree = "<group>"; };
		5AD8EFE51B84920A00CC298B /* CBTop250ViewController.h */ = {isa = PBXFileReference; fileEncoding = 4; lastKnownFileType = sourcecode.c.h; path = CBTop250ViewController.h; sourceTree = "<group>"; };
		5AD8EFE61B84920A00CC298B /* CBTop250ViewController.m */ = {isa = PBXFileReference; fileEncoding = 4; lastKnownFileType = sourcecode.c.objc; path = CBTop250ViewController.m; sourceTree = "<group>"; };
		5AD8EFE81B84923300CC298B /* CBUSAViewController.h */ = {isa = PBXFileReference; fileEncoding = 4; lastKnownFileType = sourcecode.c.h; path = CBUSAViewController.h; sourceTree = "<group>"; };
		5AD8EFE91B84923300CC298B /* CBUSAViewController.m */ = {isa = PBXFileReference; fileEncoding = 4; lastKnownFileType = sourcecode.c.objc; path = CBUSAViewController.m; sourceTree = "<group>"; };
		5AD8EFEB1B84924400CC298B /* CBNewsViewController.h */ = {isa = PBXFileReference; fileEncoding = 4; lastKnownFileType = sourcecode.c.h; path = CBNewsViewController.h; sourceTree = "<group>"; };
		5AD8EFEC1B84924400CC298B /* CBNewsViewController.m */ = {isa = PBXFileReference; fileEncoding = 4; lastKnownFileType = sourcecode.c.objc; path = CBNewsViewController.m; sourceTree = "<group>"; };
		5ADA028A1B7489B00020BFD2 /* CBMovie.app */ = {isa = PBXFileReference; explicitFileType = wrapper.application; includeInIndex = 0; path = CBMovie.app; sourceTree = BUILT_PRODUCTS_DIR; };
		5ADA028E1B7489B00020BFD2 /* Info.plist */ = {isa = PBXFileReference; lastKnownFileType = text.plist.xml; path = Info.plist; sourceTree = "<group>"; };
		5ADA028F1B7489B00020BFD2 /* main.m */ = {isa = PBXFileReference; lastKnownFileType = sourcecode.c.objc; path = main.m; sourceTree = "<group>"; };
		5ADA02911B7489B00020BFD2 /* AppDelegate.h */ = {isa = PBXFileReference; lastKnownFileType = sourcecode.c.h; path = AppDelegate.h; sourceTree = "<group>"; };
		5ADA02921B7489B00020BFD2 /* AppDelegate.m */ = {isa = PBXFileReference; lastKnownFileType = sourcecode.c.objc; path = AppDelegate.m; sourceTree = "<group>"; };
		5ADA02941B7489B00020BFD2 /* ViewController.h */ = {isa = PBXFileReference; lastKnownFileType = sourcecode.c.h; path = ViewController.h; sourceTree = "<group>"; };
		5ADA02951B7489B00020BFD2 /* ViewController.m */ = {isa = PBXFileReference; lastKnownFileType = sourcecode.c.objc; path = ViewController.m; sourceTree = "<group>"; };
		5ADA02981B7489B00020BFD2 /* Base */ = {isa = PBXFileReference; lastKnownFileType = file.storyboard; name = Base; path = Base.lproj/Main.storyboard; sourceTree = "<group>"; };
		5ADA029A1B7489B00020BFD2 /* Images.xcassets */ = {isa = PBXFileReference; lastKnownFileType = folder.assetcatalog; path = Images.xcassets; sourceTree = "<group>"; };
		5ADA029D1B7489B00020BFD2 /* Base */ = {isa = PBXFileReference; lastKnownFileType = file.xib; name = Base; path = Base.lproj/LaunchScreen.xib; sourceTree = "<group>"; };
		5ADA02A31B7489B00020BFD2 /* CBMovieTests.xctest */ = {isa = PBXFileReference; explicitFileType = wrapper.cfbundle; includeInIndex = 0; path = CBMovieTests.xctest; sourceTree = BUILT_PRODUCTS_DIR; };
		5ADA02A81B7489B00020BFD2 /* Info.plist */ = {isa = PBXFileReference; lastKnownFileType = text.plist.xml; path = Info.plist; sourceTree = "<group>"; };
		5ADA02A91B7489B00020BFD2 /* CBMovieTests.m */ = {isa = PBXFileReference; lastKnownFileType = sourcecode.c.objc; path = CBMovieTests.m; sourceTree = "<group>"; };
/* End PBXFileReference section */

/* Begin PBXFrameworksBuildPhase section */
		5ADA02871B7489B00020BFD2 /* Frameworks */ = {
			isa = PBXFrameworksBuildPhase;
			buildActionMask = 2147483647;
			files = (
				5AD518001BA039AD008CFD7D /* libiconv.dylib in Frameworks */,
				5AD517FE1BA03987008CFD7D /* QuartzCore.framework in Frameworks */,
				5AD517FC1BA03973008CFD7D /* CoreVideo.framework in Frameworks */,
				5AD517FA1BA03955008CFD7D /* CoreMedia.framework in Frameworks */,
				5AD517F81BA03942008CFD7D /* AVFoundation.framework in Frameworks */,
				5A96D6A31B8B0EB000F88664 /* libz.dylib in Frameworks */,
				5A96D6A21B8B0E9F00F88664 /* CoreLocation.framework in Frameworks */,
				5A96D6A11B8B0E9100F88664 /* SystemConfiguration.framework in Frameworks */,
				5A96D6A01B8B0E6100F88664 /* CoreData.framework in Frameworks */,
				5AD8E5161BA110AF00DE83D4 /* libzbar.a in Frameworks */,
				5A96D69D1B8AAD7B00F88664 /* libMobClickLibrary.a in Frameworks */,
			);
			runOnlyForDeploymentPostprocessing = 0;
		};
		5ADA02A01B7489B00020BFD2 /* Frameworks */ = {
			isa = PBXFrameworksBuildPhase;
			buildActionMask = 2147483647;
			files = (
			);
			runOnlyForDeploymentPostprocessing = 0;
		};
/* End PBXFrameworksBuildPhase section */

/* Begin PBXGroup section */
		5A15968D1BA662D000DA5FBB /* FDSlideBar */ = {
			isa = PBXGroup;
			children = (
				5A15968E1BA662D000DA5FBB /* FDSlideBar.h */,
				5A15968F1BA662D000DA5FBB /* FDSlideBar.m */,
				5A1596901BA662D000DA5FBB /* FDSlideBarItem.h */,
				5A1596911BA662D000DA5FBB /* FDSlideBarItem.m */,
			);
			path = FDSlideBar;
			sourceTree = "<group>";
		};
		5A2223231B8C62ED000D9BCB /* SDWebImage */ = {
			isa = PBXGroup;
			children = (
				5A2223241B8C62ED000D9BCB /* MKAnnotationView+WebCache.h */,
				5A2223251B8C62ED000D9BCB /* MKAnnotationView+WebCache.m */,
				5A2223261B8C62ED000D9BCB /* NSData+ImageContentType.h */,
				5A2223271B8C62ED000D9BCB /* NSData+ImageContentType.m */,
				5A2223281B8C62ED000D9BCB /* SDImageCache.h */,
				5A2223291B8C62ED000D9BCB /* SDImageCache.m */,
				5A22232A1B8C62ED000D9BCB /* SDWebImageCompat.h */,
				5A22232B1B8C62ED000D9BCB /* SDWebImageCompat.m */,
				5A22232C1B8C62ED000D9BCB /* SDWebImageDecoder.h */,
				5A22232D1B8C62ED000D9BCB /* SDWebImageDecoder.m */,
				5A22232E1B8C62ED000D9BCB /* SDWebImageDownloader.h */,
				5A22232F1B8C62ED000D9BCB /* SDWebImageDownloader.m */,
				5A2223301B8C62ED000D9BCB /* SDWebImageDownloaderOperation.h */,
				5A2223311B8C62ED000D9BCB /* SDWebImageDownloaderOperation.m */,
				5A2223321B8C62ED000D9BCB /* SDWebImageManager.h */,
				5A2223331B8C62ED000D9BCB /* SDWebImageManager.m */,
				5A2223341B8C62ED000D9BCB /* SDWebImageOperation.h */,
				5A2223351B8C62ED000D9BCB /* SDWebImagePrefetcher.h */,
				5A2223361B8C62ED000D9BCB /* SDWebImagePrefetcher.m */,
				5A2223371B8C62ED000D9BCB /* UIButton+WebCache.h */,
				5A2223381B8C62ED000D9BCB /* UIButton+WebCache.m */,
				5A2223391B8C62ED000D9BCB /* UIImage+GIF.h */,
				5A22233A1B8C62ED000D9BCB /* UIImage+GIF.m */,
				5A22233B1B8C62ED000D9BCB /* UIImage+MultiFormat.h */,
				5A22233C1B8C62ED000D9BCB /* UIImage+MultiFormat.m */,
				5A22233D1B8C62ED000D9BCB /* UIImage+WebP.h */,
				5A22233E1B8C62ED000D9BCB /* UIImage+WebP.m */,
				5A22233F1B8C62ED000D9BCB /* UIImageView+HighlightedWebCache.h */,
				5A2223401B8C62ED000D9BCB /* UIImageView+HighlightedWebCache.m */,
				5A2223411B8C62ED000D9BCB /* UIImageView+WebCache.h */,
				5A2223421B8C62ED000D9BCB /* UIImageView+WebCache.m */,
				5A2223431B8C62ED000D9BCB /* UIView+WebCacheOperation.h */,
				5A2223441B8C62ED000D9BCB /* UIView+WebCacheOperation.m */,
			);
			path = SDWebImage;
			sourceTree = "<group>";
		};
		5A3FE82F1B8C0E7700E3DD70 /* View */ = {
			isa = PBXGroup;
			children = (
				5A3FE8301B8C0EDB00E3DD70 /* CBHotShowingCell.h */,
				5A3FE8311B8C0EDB00E3DD70 /* CBHotShowingCell.m */,
				5A3FE8321B8C0EDB00E3DD70 /* CBHotShowingCell.xib */,
				5AD7C5AC1B9EA60800D00576 /* CBUsaHeaderView.h */,
				5AD7C5AD1B9EA60800D00576 /* CBUsaHeaderView.m */,
				5AD7C5AF1B9EA62800D00576 /* CBUsaHeaderView.xib */,
			);
			name = View;
			sourceTree = "<group>";
		};
		5A96D5E41B870C6900F88664 /* MBProgressHUD */ = {
			isa = PBXGroup;
			children = (
				5A96D5E51B870C6900F88664 /* MBProgressHUD.h */,
				5A96D5E61B870C6900F88664 /* MBProgressHUD.m */,
			);
			path = MBProgressHUD;
			sourceTree = "<group>";
		};
		5A96D5E81B871F4300F88664 /* JSONModel */ = {
			isa = PBXGroup;
			children = (
				5A96D5E91B871F4300F88664 /* JSONModel */,
				5A96D5F21B871F4300F88664 /* JSONModelCategories */,
				5A96D5F51B871F4300F88664 /* JSONModelLib.h */,
				5A96D5F61B871F4300F88664 /* JSONModelNetworking */,
				5A96D5FD1B871F4300F88664 /* JSONModelTransformations */,
			);
			path = JSONModel;
			sourceTree = "<group>";
		};
		5A96D5E91B871F4300F88664 /* JSONModel */ = {
			isa = PBXGroup;
			children = (
				5A96D5EA1B871F4300F88664 /* JSONModel.h */,
				5A96D5EB1B871F4300F88664 /* JSONModel.m */,
				5A96D5EC1B871F4300F88664 /* JSONModelArray.h */,
				5A96D5ED1B871F4300F88664 /* JSONModelArray.m */,
				5A96D5EE1B871F4300F88664 /* JSONModelClassProperty.h */,
				5A96D5EF1B871F4300F88664 /* JSONModelClassProperty.m */,
				5A96D5F01B871F4300F88664 /* JSONModelError.h */,
				5A96D5F11B871F4300F88664 /* JSONModelError.m */,
			);
			path = JSONModel;
			sourceTree = "<group>";
		};
		5A96D5F21B871F4300F88664 /* JSONModelCategories */ = {
			isa = PBXGroup;
			children = (
				5A96D5F31B871F4300F88664 /* NSArray+JSONModel.h */,
				5A96D5F41B871F4300F88664 /* NSArray+JSONModel.m */,
			);
			path = JSONModelCategories;
			sourceTree = "<group>";
		};
		5A96D5F61B871F4300F88664 /* JSONModelNetworking */ = {
			isa = PBXGroup;
			children = (
				5A96D5F71B871F4300F88664 /* JSONAPI.h */,
				5A96D5F81B871F4300F88664 /* JSONAPI.m */,
				5A96D5F91B871F4300F88664 /* JSONHTTPClient.h */,
				5A96D5FA1B871F4300F88664 /* JSONHTTPClient.m */,
				5A96D5FB1B871F4300F88664 /* JSONModel+networking.h */,
				5A96D5FC1B871F4300F88664 /* JSONModel+networking.m */,
			);
			path = JSONModelNetworking;
			sourceTree = "<group>";
		};
		5A96D5FD1B871F4300F88664 /* JSONModelTransformations */ = {
			isa = PBXGroup;
			children = (
				5A96D5FE1B871F4300F88664 /* JSONKeyMapper.h */,
				5A96D5FF1B871F4300F88664 /* JSONKeyMapper.m */,
				5A96D6001B871F4300F88664 /* JSONValueTransformer.h */,
				5A96D6011B871F4300F88664 /* JSONValueTransformer.m */,
			);
			path = JSONModelTransformations;
			sourceTree = "<group>";
		};
		5A96D60C1B871FD200F88664 /* Model */ = {
			isa = PBXGroup;
			children = (
				5A96D60D1B87200E00F88664 /* MovieOfCityModel.h */,
				5A96D60E1B87200E00F88664 /* MovieOfCityModel.m */,
				5A96D6131B87211F00F88664 /* LocationModel.h */,
				5A96D6141B87211F00F88664 /* LocationModel.m */,
				5A96D6181B872B3400F88664 /* MovieModel.h */,
				5A96D6191B872B3400F88664 /* MovieModel.m */,
				5A96D6AD1B8B207F00F88664 /* LocationEntity.h */,
				5A96D6AE1B8B207F00F88664 /* LocationEntity.m */,
			);
			name = Model;
			sourceTree = "<group>";
		};
		5A96D6991B8AAD7B00F88664 /* UMAnalytics_Sdk_3.5.10 */ = {
			isa = PBXGroup;
			children = (
				5A96D69A1B8AAD7B00F88664 /* libMobClickLibrary.a */,
				5A96D69B1B8AAD7B00F88664 /* MobClick.h */,
				5A96D69C1B8AAD7B00F88664 /* MobClickSocialAnalytics.h */,
			);
			path = UMAnalytics_Sdk_3.5.10;
			sourceTree = "<group>";
		};
		5A96D69E1B8B0E3E00F88664 /* Frameworks */ = {
			isa = PBXGroup;
			children = (
				5AD517FF1BA039AD008CFD7D /* libiconv.dylib */,
				5AD517FD1BA03987008CFD7D /* QuartzCore.framework */,
				5AD517FB1BA03973008CFD7D /* CoreVideo.framework */,
				5AD517F91BA03955008CFD7D /* CoreMedia.framework */,
				5AD517F71BA03942008CFD7D /* AVFoundation.framework */,
				5A96D69F1B8B0E6100F88664 /* CoreData.framework */,
				5A96D6161B87288F00F88664 /* SystemConfiguration.framework */,
				5AD2FBFE1B85DC8F0017CE9A /* libz.dylib */,
				5AD2FBF71B85CB0F0017CE9A /* CoreLocation.framework */,
			);
			name = Frameworks;
			sourceTree = "<group>";
		};
		5AD2FB751B855E330017CE9A /* util */ = {
			isa = PBXGroup;
			children = (
				5AD8ABA31BA280680015DFA4 /* CBTabBarController.h */,
				5AD8ABA41BA280680015DFA4 /* CBTabBarController.m */,
				5AD2FB761B855E530017CE9A /* CBHelper.h */,
				5AD2FB771B855E530017CE9A /* CBHelper.m */,
				5AD2FB7C1B85850D0017CE9A /* CBCustomTabBarItem.h */,
				5AD2FB7D1B85850D0017CE9A /* CBCustomTabBarItem.m */,
				5AD5DA6F1B9D7ADD00C71B23 /* CBTableViewDataSource.h */,
				5AD5DA701B9D7ADD00C71B23 /* CBTableViewDataSource.m */,
				5AD517CB1B9FEC8F008CFD7D /* CBModelDataRequest.h */,
				5AD517CC1B9FEC8F008CFD7D /* CBModelDataRequest.m */,
				5AD517D11BA015C7008CFD7D /* CBHttpDataRequestManager.h */,
				5AD517D21BA015C7008CFD7D /* CBHttpDataRequestManager.m */,
				5AD8E5531BA1868E00DE83D4 /* CBTitleView.h */,
				5AD8E5541BA1868E00DE83D4 /* CBTitleView.m */,
				5AD8E5561BA186A000DE83D4 /* CBTitleView.xib */,
				5AD8ABA01BA26B4A0015DFA4 /* RootController.h */,
				5AD8ABA11BA26B4A0015DFA4 /* RootController.m */,
				5AD7ED371BA7FFAF007A3998 /* CBQRCodeViewController.h */,
				5AD7ED381BA7FFAF007A3998 /* CBQRCodeViewController.m */,
			);
			name = util;
			sourceTree = "<group>";
		};
		5AD2FB821B85B6340017CE9A /* 3rd-Party */ = {
			isa = PBXGroup;
			children = (
				5A15968D1BA662D000DA5FBB /* FDSlideBar */,
				5AD8E4F81BA110AF00DE83D4 /* zbar_iOS7_Fix */,
				5A2223231B8C62ED000D9BCB /* SDWebImage */,
				5A96D6991B8AAD7B00F88664 /* UMAnalytics_Sdk_3.5.10 */,
				5A96D5E81B871F4300F88664 /* JSONModel */,
				5A96D5E41B870C6900F88664 /* MBProgressHUD */,
				5AD2FBBC1B85BCFB0017CE9A /* AFNetworking */,
			);
			name = "3rd-Party";
			sourceTree = "<group>";
		};
		5AD2FBBC1B85BCFB0017CE9A /* AFNetworking */ = {
			isa = PBXGroup;
			children = (
				5AD2FBBD1B85BCFB0017CE9A /* AFNetworking */,
				5AD2FBD11B85BCFB0017CE9A /* LICENSE */,
				5AD2FBD21B85BCFB0017CE9A /* UIKit+AFNetworking */,
			);
			path = AFNetworking;
			sourceTree = "<group>";
		};
		5AD2FBBD1B85BCFB0017CE9A /* AFNetworking */ = {
			isa = PBXGroup;
			children = (
				5AD2FBBE1B85BCFB0017CE9A /* AFHTTPRequestOperation.h */,
				5AD2FBBF1B85BCFB0017CE9A /* AFHTTPRequestOperation.m */,
				5AD2FBC01B85BCFB0017CE9A /* AFHTTPRequestOperationManager.h */,
				5AD2FBC11B85BCFB0017CE9A /* AFHTTPRequestOperationManager.m */,
				5AD2FBC21B85BCFB0017CE9A /* AFHTTPSessionManager.h */,
				5AD2FBC31B85BCFB0017CE9A /* AFHTTPSessionManager.m */,
				5AD2FBC41B85BCFB0017CE9A /* AFNetworking.h */,
				5AD2FBC51B85BCFB0017CE9A /* AFNetworkReachabilityManager.h */,
				5AD2FBC61B85BCFB0017CE9A /* AFNetworkReachabilityManager.m */,
				5AD2FBC71B85BCFB0017CE9A /* AFSecurityPolicy.h */,
				5AD2FBC81B85BCFB0017CE9A /* AFSecurityPolicy.m */,
				5AD2FBC91B85BCFB0017CE9A /* AFURLConnectionOperation.h */,
				5AD2FBCA1B85BCFB0017CE9A /* AFURLConnectionOperation.m */,
				5AD2FBCB1B85BCFB0017CE9A /* AFURLRequestSerialization.h */,
				5AD2FBCC1B85BCFB0017CE9A /* AFURLRequestSerialization.m */,
				5AD2FBCD1B85BCFB0017CE9A /* AFURLResponseSerialization.h */,
				5AD2FBCE1B85BCFB0017CE9A /* AFURLResponseSerialization.m */,
				5AD2FBCF1B85BCFB0017CE9A /* AFURLSessionManager.h */,
				5AD2FBD01B85BCFB0017CE9A /* AFURLSessionManager.m */,
			);
			path = AFNetworking;
			sourceTree = "<group>";
		};
		5AD2FBD21B85BCFB0017CE9A /* UIKit+AFNetworking */ = {
			isa = PBXGroup;
			children = (
				5AD2FBD31B85BCFB0017CE9A /* AFNetworkActivityIndicatorManager.h */,
				5AD2FBD41B85BCFB0017CE9A /* AFNetworkActivityIndicatorManager.m */,
				5AD2FBD51B85BCFB0017CE9A /* UIActivityIndicatorView+AFNetworking.h */,
				5AD2FBD61B85BCFB0017CE9A /* UIActivityIndicatorView+AFNetworking.m */,
				5AD2FBD71B85BCFB0017CE9A /* UIAlertView+AFNetworking.h */,
				5AD2FBD81B85BCFB0017CE9A /* UIAlertView+AFNetworking.m */,
				5AD2FBD91B85BCFB0017CE9A /* UIButton+AFNetworking.h */,
				5AD2FBDA1B85BCFB0017CE9A /* UIButton+AFNetworking.m */,
				5AD2FBDB1B85BCFB0017CE9A /* UIImageView+AFNetworking.h */,
				5AD2FBDC1B85BCFB0017CE9A /* UIImageView+AFNetworking.m */,
				5AD2FBDD1B85BCFB0017CE9A /* UIKit+AFNetworking.h */,
				5AD2FBDE1B85BCFB0017CE9A /* UIProgressView+AFNetworking.h */,
				5AD2FBDF1B85BCFB0017CE9A /* UIProgressView+AFNetworking.m */,
				5AD2FBE01B85BCFB0017CE9A /* UIRefreshControl+AFNetworking.h */,
				5AD2FBE11B85BCFB0017CE9A /* UIRefreshControl+AFNetworking.m */,
				5AD2FBE21B85BCFB0017CE9A /* UIWebView+AFNetworking.h */,
				5AD2FBE31B85BCFB0017CE9A /* UIWebView+AFNetworking.m */,
			);
			path = "UIKit+AFNetworking";
			sourceTree = "<group>";
		};
		5AD7C5AB1B9EA56B00D00576 /* Controller */ = {
			isa = PBXGroup;
			children = (
				5AD8EFE41B8491AD00CC298B /* home */,
				5AD8EFE31B8491A300CC298B /* news */,
				5AD8EFE21B84919700CC298B /* USA */,
				5AD8EFDE1B848E2A00CC298B /* top250 */,
			);
			name = Controller;
			sourceTree = "<group>";
		};
		5AD8E4F81BA110AF00DE83D4 /* zbar_iOS7_Fix */ = {
			isa = PBXGroup;
			children = (
				5AD8E4F91BA110AF00DE83D4 /* Headers */,
				5AD8E5101BA110AF00DE83D4 /* libzbar.a */,
				5AD8E5111BA110AF00DE83D4 /* Resources */,
			);
			path = zbar_iOS7_Fix;
			sourceTree = "<group>";
		};
		5AD8E4F91BA110AF00DE83D4 /* Headers */ = {
			isa = PBXGroup;
			children = (
				5AD8E4FA1BA110AF00DE83D4 /* ZBarSDK */,
			);
			path = Headers;
			sourceTree = "<group>";
		};
		5AD8E4FA1BA110AF00DE83D4 /* ZBarSDK */ = {
			isa = PBXGroup;
			children = (
				5AD8E4FB1BA110AF00DE83D4 /* zbar */,
				5AD8E5051BA110AF00DE83D4 /* zbar.h */,
				5AD8E5061BA110AF00DE83D4 /* ZBarCameraSimulator.h */,
				5AD8E5071BA110AF00DE83D4 /* ZBarCaptureReader.h */,
				5AD8E5081BA110AF00DE83D4 /* ZBarHelpController.h */,
				5AD8E5091BA110AF00DE83D4 /* ZBarImage.h */,
				5AD8E50A1BA110AF00DE83D4 /* ZBarImageScanner.h */,
				5AD8E50B1BA110AF00DE83D4 /* ZBarReaderController.h */,
				5AD8E50C1BA110AF00DE83D4 /* ZBarReaderView.h */,
				5AD8E50D1BA110AF00DE83D4 /* ZBarReaderViewController.h */,
				5AD8E50E1BA110AF00DE83D4 /* ZBarSDK.h */,
				5AD8E50F1BA110AF00DE83D4 /* ZBarSymbol.h */,
			);
			path = ZBarSDK;
			sourceTree = "<group>";
		};
		5AD8E4FB1BA110AF00DE83D4 /* zbar */ = {
			isa = PBXGroup;
			children = (
				5AD8E4FC1BA110AF00DE83D4 /* Decoder.h */,
				5AD8E4FD1BA110AF00DE83D4 /* Exception.h */,
				5AD8E4FE1BA110AF00DE83D4 /* Image.h */,
				5AD8E4FF1BA110AF00DE83D4 /* ImageScanner.h */,
				5AD8E5001BA110AF00DE83D4 /* Processor.h */,
				5AD8E5011BA110AF00DE83D4 /* Scanner.h */,
				5AD8E5021BA110AF00DE83D4 /* Symbol.h */,
				5AD8E5031BA110AF00DE83D4 /* Video.h */,
				5AD8E5041BA110AF00DE83D4 /* Window.h */,
			);
			path = zbar;
			sourceTree = "<group>";
		};
		5AD8E5111BA110AF00DE83D4 /* Resources */ = {
			isa = PBXGroup;
			children = (
				5AD8E5121BA110AF00DE83D4 /* zbar-back.png */,
				5AD8E5131BA110AF00DE83D4 /* zbar-help.html */,
				5AD8E5141BA110AF00DE83D4 /* zbar-helpicons.png */,
				5AD8E5151BA110AF00DE83D4 /* zbar-samples.png */,
			);
			path = Resources;
			sourceTree = "<group>";
		};
		5AD8EFDE1B848E2A00CC298B /* top250 */ = {
			isa = PBXGroup;
			children = (
				5AD8EFE51B84920A00CC298B /* CBTop250ViewController.h */,
				5AD8EFE61B84920A00CC298B /* CBTop250ViewController.m */,
			);
			name = top250;
			sourceTree = "<group>";
		};
		5AD8EFE21B84919700CC298B /* USA */ = {
			isa = PBXGroup;
			children = (
				5AD8EFE81B84923300CC298B /* CBUSAViewController.h */,
				5AD8EFE91B84923300CC298B /* CBUSAViewController.m */,
			);
			name = USA;
			sourceTree = "<group>";
		};
		5AD8EFE31B8491A300CC298B /* news */ = {
			isa = PBXGroup;
			children = (
				5AD8EFEB1B84924400CC298B /* CBNewsViewController.h */,
				5AD8EFEC1B84924400CC298B /* CBNewsViewController.m */,
			);
			name = news;
			sourceTree = "<group>";
		};
		5AD8EFE41B8491AD00CC298B /* home */ = {
			isa = PBXGroup;
			children = (
				5AD2FB7F1B85B55C0017CE9A /* CBHomeViewController.h */,
				5AD2FB801B85B55C0017CE9A /* CBHomeViewController.m */,
			);
			name = home;
			sourceTree = "<group>";
		};
		5ADA02811B7489B00020BFD2 = {
			isa = PBXGroup;
			children = (
				5A96D69E1B8B0E3E00F88664 /* Frameworks */,
				5ADA028C1B7489B00020BFD2 /* CBMovie */,
				5ADA02A61B7489B00020BFD2 /* CBMovieTests */,
				5ADA028B1B7489B00020BFD2 /* Products */,
			);
			sourceTree = "<group>";
		};
		5ADA028B1B7489B00020BFD2 /* Products */ = {
			isa = PBXGroup;
			children = (
				5ADA028A1B7489B00020BFD2 /* CBMovie.app */,
				5ADA02A31B7489B00020BFD2 /* CBMovieTests.xctest */,
			);
			name = Products;
			sourceTree = "<group>";
		};
		5ADA028C1B7489B00020BFD2 /* CBMovie */ = {
			isa = PBXGroup;
			children = (
				5AD2FB821B85B6340017CE9A /* 3rd-Party */,
				5AD7C5AB1B9EA56B00D00576 /* Controller */,
				5A3FE82F1B8C0E7700E3DD70 /* View */,
				5A96D60C1B871FD200F88664 /* Model */,
				5AD2FB751B855E330017CE9A /* util */,
				5ADA02911B7489B00020BFD2 /* AppDelegate.h */,
				5ADA02921B7489B00020BFD2 /* AppDelegate.m */,
				5AD8EFDF1B848EF900CC298B /* CBMainViewController.h */,
				5AD8EFE01B848EF900CC298B /* CBMainViewController.m */,
				5ADA029A1B7489B00020BFD2 /* Images.xcassets */,
				5ADA029C1B7489B00020BFD2 /* LaunchScreen.xib */,
				5ADA028D1B7489B00020BFD2 /* Supporting Files */,
				5A96D6A41B8B0F4E00F88664 /* CBMovie.xcdatamodeld */,
			);
			path = CBMovie;
			sourceTree = "<group>";
		};
		5ADA028D1B7489B00020BFD2 /* Supporting Files */ = {
			isa = PBXGroup;
			children = (
				5ADA02941B7489B00020BFD2 /* ViewController.h */,
				5ADA02951B7489B00020BFD2 /* ViewController.m */,
				5ADA02971B7489B00020BFD2 /* Main.storyboard */,
				5ADA028E1B7489B00020BFD2 /* Info.plist */,
				5ADA028F1B7489B00020BFD2 /* main.m */,
				5AD8EFDD1B84730A00CC298B /* CBMovie-Prefix.pch */,
			);
			name = "Supporting Files";
			sourceTree = "<group>";
		};
		5ADA02A61B7489B00020BFD2 /* CBMovieTests */ = {
			isa = PBXGroup;
			children = (
				5ADA02A91B7489B00020BFD2 /* CBMovieTests.m */,
				5ADA02A71B7489B00020BFD2 /* Supporting Files */,
			);
			path = CBMovieTests;
			sourceTree = "<group>";
		};
		5ADA02A71B7489B00020BFD2 /* Supporting Files */ = {
			isa = PBXGroup;
			children = (
				5ADA02A81B7489B00020BFD2 /* Info.plist */,
			);
			name = "Supporting Files";
			sourceTree = "<group>";
		};
/* End PBXGroup section */

/* Begin PBXNativeTarget section */
		5ADA02891B7489B00020BFD2 /* CBMovie */ = {
			isa = PBXNativeTarget;
			buildConfigurationList = 5ADA02AD1B7489B00020BFD2 /* Build configuration list for PBXNativeTarget "CBMovie" */;
			buildPhases = (
				5ADA02861B7489B00020BFD2 /* Sources */,
				5ADA02871B7489B00020BFD2 /* Frameworks */,
				5ADA02881B7489B00020BFD2 /* Resources */,
			);
			buildRules = (
			);
			dependencies = (
			);
			name = CBMovie;
			productName = CBMovie;
			productReference = 5ADA028A1B7489B00020BFD2 /* CBMovie.app */;
			productType = "com.apple.product-type.application";
		};
		5ADA02A21B7489B00020BFD2 /* CBMovieTests */ = {
			isa = PBXNativeTarget;
			buildConfigurationList = 5ADA02B01B7489B00020BFD2 /* Build configuration list for PBXNativeTarget "CBMovieTests" */;
			buildPhases = (
				5ADA029F1B7489B00020BFD2 /* Sources */,
				5ADA02A01B7489B00020BFD2 /* Frameworks */,
				5ADA02A11B7489B00020BFD2 /* Resources */,
			);
			buildRules = (
			);
			dependencies = (
				5ADA02A51B7489B00020BFD2 /* PBXTargetDependency */,
			);
			name = CBMovieTests;
			productName = CBMovieTests;
			productReference = 5ADA02A31B7489B00020BFD2 /* CBMovieTests.xctest */;
			productType = "com.apple.product-type.bundle.unit-test";
		};
/* End PBXNativeTarget section */

/* Begin PBXProject section */
		5ADA02821B7489B00020BFD2 /* Project object */ = {
			isa = PBXProject;
			attributes = {
				LastUpgradeCheck = 0620;
				ORGANIZATIONNAME = builder34;
				TargetAttributes = {
					5ADA02891B7489B00020BFD2 = {
						CreatedOnToolsVersion = 6.2;
					};
					5ADA02A21B7489B00020BFD2 = {
						CreatedOnToolsVersion = 6.2;
						TestTargetID = 5ADA02891B7489B00020BFD2;
					};
				};
			};
			buildConfigurationList = 5ADA02851B7489B00020BFD2 /* Build configuration list for PBXProject "CBMovie" */;
			compatibilityVersion = "Xcode 3.2";
			developmentRegion = English;
			hasScannedForEncodings = 0;
			knownRegions = (
				en,
				Base,
			);
			mainGroup = 5ADA02811B7489B00020BFD2;
			productRefGroup = 5ADA028B1B7489B00020BFD2 /* Products */;
			projectDirPath = "";
			projectRoot = "";
			targets = (
				5ADA02891B7489B00020BFD2 /* CBMovie */,
				5ADA02A21B7489B00020BFD2 /* CBMovieTests */,
			);
		};
/* End PBXProject section */

/* Begin PBXResourcesBuildPhase section */
		5ADA02881B7489B00020BFD2 /* Resources */ = {
			isa = PBXResourcesBuildPhase;
			buildActionMask = 2147483647;
			files = (
				5ADA02991B7489B00020BFD2 /* Main.storyboard in Resources */,
				5ADA029E1B7489B00020BFD2 /* LaunchScreen.xib in Resources */,
				5AD8E5171BA110AF00DE83D4 /* zbar-back.png in Resources */,
				5AD7C5B01B9EA62800D00576 /* CBUsaHeaderView.xib in Resources */,
				5AD2FBED1B85BCFB0017CE9A /* LICENSE in Resources */,
				5AD8E5571BA186A000DE83D4 /* CBTitleView.xib in Resources */,
				5ADA029B1B7489B00020BFD2 /* Images.xcassets in Resources */,
				5AD8E51A1BA110AF00DE83D4 /* zbar-samples.png in Resources */,
				5AD8E5181BA110AF00DE83D4 /* zbar-help.html in Resources */,
				5A3FE8341B8C0EDB00E3DD70 /* CBHotShowingCell.xib in Resources */,
				5AD8E5191BA110AF00DE83D4 /* zbar-helpicons.png in Resources */,
			);
			runOnlyForDeploymentPostprocessing = 0;
		};
		5ADA02A11B7489B00020BFD2 /* Resources */ = {
			isa = PBXResourcesBuildPhase;
			buildActionMask = 2147483647;
			files = (
			);
			runOnlyForDeploymentPostprocessing = 0;
		};
/* End PBXResourcesBuildPhase section */

/* Begin PBXSourcesBuildPhase section */
		5ADA02861B7489B00020BFD2 /* Sources */ = {
			isa = PBXSourcesBuildPhase;
			buildActionMask = 2147483647;
			files = (
				5A3FE8331B8C0EDB00E3DD70 /* CBHotShowingCell.m in Sources */,
				5A96D6081B871F4300F88664 /* JSONHTTPClient.m in Sources */,
				5A2223531B8C62ED000D9BCB /* UIImageView+WebCache.m in Sources */,
				5A22234B1B8C62ED000D9BCB /* SDWebImageDownloaderOperation.m in Sources */,
				5A96D6061B871F4300F88664 /* NSArray+JSONModel.m in Sources */,
				5AD2FBE41B85BCFB0017CE9A /* AFHTTPRequestOperation.m in Sources */,
				5A2223511B8C62ED000D9BCB /* UIImage+WebP.m in Sources */,
				5AD8EFEA1B84923300CC298B /* CBUSAViewController.m in Sources */,
				5AD517CD1B9FEC8F008CFD7D /* CBModelDataRequest.m in Sources */,
				5A2223481B8C62ED000D9BCB /* SDWebImageCompat.m in Sources */,
				5AD8EFE11B848EF900CC298B /* CBMainViewController.m in Sources */,
				5AD2FB781B855E530017CE9A /* CBHelper.m in Sources */,
				5AD8ABA51BA280680015DFA4 /* CBTabBarController.m in Sources */,
				5A22234D1B8C62ED000D9BCB /* SDWebImagePrefetcher.m in Sources */,
				5A2223471B8C62ED000D9BCB /* SDImageCache.m in Sources */,
				5AD5DA711B9D7ADD00C71B23 /* CBTableViewDataSource.m in Sources */,
				5AD8EFED1B84924400CC298B /* CBNewsViewController.m in Sources */,
				5AD2FBEE1B85BCFB0017CE9A /* AFNetworkActivityIndicatorManager.m in Sources */,
				5AD2FBEC1B85BCFB0017CE9A /* AFURLSessionManager.m in Sources */,
				5A2223491B8C62ED000D9BCB /* SDWebImageDecoder.m in Sources */,
				5AD2FBE61B85BCFB0017CE9A /* AFHTTPSessionManager.m in Sources */,
				5A2223521B8C62ED000D9BCB /* UIImageView+HighlightedWebCache.m in Sources */,
				5A96D5E71B870C6900F88664 /* MBProgressHUD.m in Sources */,
				5A96D6021B871F4300F88664 /* JSONModel.m in Sources */,
				5AD7C5AE1B9EA60800D00576 /* CBUsaHeaderView.m in Sources */,
				5AD8EFE71B84920A00CC298B /* CBTop250ViewController.m in Sources */,
				5AD2FBE71B85BCFB0017CE9A /* AFNetworkReachabilityManager.m in Sources */,
				5AD7ED391BA7FFAF007A3998 /* CBQRCodeViewController.m in Sources */,
				5A96D6151B87211F00F88664 /* LocationModel.m in Sources */,
				5ADA02961B7489B00020BFD2 /* ViewController.m in Sources */,
				5A2223501B8C62ED000D9BCB /* UIImage+MultiFormat.m in Sources */,
				5A1596931BA662D000DA5FBB /* FDSlideBarItem.m in Sources */,
				5A2223451B8C62ED000D9BCB /* MKAnnotationView+WebCache.m in Sources */,
				5A96D61A1B872B3400F88664 /* MovieModel.m in Sources */,
				5AD2FBF21B85BCFB0017CE9A /* UIImageView+AFNetworking.m in Sources */,
				5AD8E5551BA1868E00DE83D4 /* CBTitleView.m in Sources */,
				5A96D60A1B871F4300F88664 /* JSONKeyMapper.m in Sources */,
				5A1596921BA662D000DA5FBB /* FDSlideBar.m in Sources */,
				5A22234F1B8C62ED000D9BCB /* UIImage+GIF.m in Sources */,
				5A96D60B1B871F4300F88664 /* JSONValueTransformer.m in Sources */,
				5AD2FBF31B85BCFB0017CE9A /* UIProgressView+AFNetworking.m in Sources */,
				5A2223541B8C62ED000D9BCB /* UIView+WebCacheOperation.m in Sources */,
				5AD2FBEB1B85BCFB0017CE9A /* AFURLResponseSerialization.m in Sources */,
				5A22234C1B8C62ED000D9BCB /* SDWebImageManager.m in Sources */,
				5AD2FBF41B85BCFB0017CE9A /* UIRefreshControl+AFNetworking.m in Sources */,
				5AD517D31BA015C7008CFD7D /* CBHttpDataRequestManager.m in Sources */,
				5AD2FBEA1B85BCFB0017CE9A /* AFURLRequestSerialization.m in Sources */,
				5AD8ABA21BA26B4A0015DFA4 /* RootController.m in Sources */,
				5A96D6AF1B8B207F00F88664 /* LocationEntity.m in Sources */,
				5AD2FBE91B85BCFB0017CE9A /* AFURLConnectionOperation.m in Sources */,
				5A96D6A61B8B0F4E00F88664 /* CBMovie.xcdatamodeld in Sources */,
				5AD2FBF11B85BCFB0017CE9A /* UIButton+AFNetworking.m in Sources */,
				5AD2FBEF1B85BCFB0017CE9A /* UIActivityIndicatorView+AFNetworking.m in Sources */,
				5AD2FBE51B85BCFB0017CE9A /* AFHTTPRequestOperationManager.m in Sources */,
				5ADA02931B7489B00020BFD2 /* AppDelegate.m in Sources */,
				5AD2FBE81B85BCFB0017CE9A /* AFSecurityPolicy.m in Sources */,
				5A96D6041B871F4300F88664 /* JSONModelClassProperty.m in Sources */,
				5A96D60F1B87200E00F88664 /* MovieOfCityModel.m in Sources */,
				5A96D6031B871F4300F88664 /* JSONModelArray.m in Sources */,
				5A2223461B8C62ED000D9BCB /* NSData+ImageContentType.m in Sources */,
				5A96D6071B871F4300F88664 /* JSONAPI.m in Sources */,
				5A96D6091B871F4300F88664 /* JSONModel+networking.m in Sources */,
				5A22234E1B8C62ED000D9BCB /* UIButton+WebCache.m in Sources */,
				5A96D6051B871F4300F88664 /* JSONModelError.m in Sources */,
				5AD2FB811B85B55C0017CE9A /* CBHomeViewController.m in Sources */,
				5A22234A1B8C62ED000D9BCB /* SDWebImageDownloader.m in Sources */,
				5AD2FBF51B85BCFB0017CE9A /* UIWebView+AFNetworking.m in Sources */,
				5AD2FB7E1B85850D0017CE9A /* CBCustomTabBarItem.m in Sources */,
				5ADA02901B7489B00020BFD2 /* main.m in Sources */,
				5AD2FBF01B85BCFB0017CE9A /* UIAlertView+AFNetworking.m in Sources */,
			);
			runOnlyForDeploymentPostprocessing = 0;
		};
		5ADA029F1B7489B00020BFD2 /* Sources */ = {
			isa = PBXSourcesBuildPhase;
			buildActionMask = 2147483647;
			files = (
				5ADA02AA1B7489B00020BFD2 /* CBMovieTests.m in Sources */,
			);
			runOnlyForDeploymentPostprocessing = 0;
		};
/* End PBXSourcesBuildPhase section */

/* Begin PBXTargetDependency section */
		5ADA02A51B7489B00020BFD2 /* PBXTargetDependency */ = {
			isa = PBXTargetDependency;
			target = 5ADA02891B7489B00020BFD2 /* CBMovie */;
			targetProxy = 5ADA02A41B7489B00020BFD2 /* PBXContainerItemProxy */;
		};
/* End PBXTargetDependency section */

/* Begin PBXVariantGroup section */
		5ADA02971B7489B00020BFD2 /* Main.storyboard */ = {
			isa = PBXVariantGroup;
			children = (
				5ADA02981B7489B00020BFD2 /* Base */,
			);
			name = Main.storyboard;
			sourceTree = "<group>";
		};
		5ADA029C1B7489B00020BFD2 /* LaunchScreen.xib */ = {
			isa = PBXVariantGroup;
			children = (
				5ADA029D1B7489B00020BFD2 /* Base */,
			);
			name = LaunchScreen.xib;
			sourceTree = "<group>";
		};
/* End PBXVariantGroup section */

/* Begin XCBuildConfiguration section */
		5ADA02AB1B7489B00020BFD2 /* Debug */ = {
			isa = XCBuildConfiguration;
			buildSettings = {
				ALWAYS_SEARCH_USER_PATHS = NO;
				CLANG_CXX_LANGUAGE_STANDARD = "gnu++0x";
				CLANG_CXX_LIBRARY = "libc++";
				CLANG_ENABLE_MODULES = YES;
				CLANG_ENABLE_OBJC_ARC = YES;
				CLANG_WARN_BOOL_CONVERSION = YES;
				CLANG_WARN_CONSTANT_CONVERSION = YES;
				CLANG_WARN_DIRECT_OBJC_ISA_USAGE = YES_ERROR;
				CLANG_WARN_EMPTY_BODY = YES;
				CLANG_WARN_ENUM_CONVERSION = YES;
				CLANG_WARN_INT_CONVERSION = YES;
				CLANG_WARN_OBJC_ROOT_CLASS = YES_ERROR;
				CLANG_WARN_UNREACHABLE_CODE = YES;
				CLANG_WARN__DUPLICATE_METHOD_MATCH = YES;
				"CODE_SIGN_IDENTITY[sdk=iphoneos*]" = "iPhone Developer";
				COPY_PHASE_STRIP = NO;
				ENABLE_STRICT_OBJC_MSGSEND = YES;
				GCC_C_LANGUAGE_STANDARD = gnu99;
				GCC_DYNAMIC_NO_PIC = NO;
				GCC_OPTIMIZATION_LEVEL = 0;
				GCC_PREPROCESSOR_DEFINITIONS = (
					"DEBUG=1",
					"$(inherited)",
				);
				GCC_SYMBOLS_PRIVATE_EXTERN = NO;
				GCC_WARN_64_TO_32_BIT_CONVERSION = YES;
				GCC_WARN_ABOUT_RETURN_TYPE = YES_ERROR;
				GCC_WARN_UNDECLARED_SELECTOR = YES;
				GCC_WARN_UNINITIALIZED_AUTOS = YES_AGGRESSIVE;
				GCC_WARN_UNUSED_FUNCTION = YES;
				GCC_WARN_UNUSED_VARIABLE = YES;
				IPHONEOS_DEPLOYMENT_TARGET = 6.0;
				MTL_ENABLE_DEBUG_INFO = YES;
				ONLY_ACTIVE_ARCH = YES;
				SDKROOT = iphoneos;
			};
			name = Debug;
		};
		5ADA02AC1B7489B00020BFD2 /* Release */ = {
			isa = XCBuildConfiguration;
			buildSettings = {
				ALWAYS_SEARCH_USER_PATHS = NO;
				CLANG_CXX_LANGUAGE_STANDARD = "gnu++0x";
				CLANG_CXX_LIBRARY = "libc++";
				CLANG_ENABLE_MODULES = YES;
				CLANG_ENABLE_OBJC_ARC = YES;
				CLANG_WARN_BOOL_CONVERSION = YES;
				CLANG_WARN_CONSTANT_CONVERSION = YES;
				CLANG_WARN_DIRECT_OBJC_ISA_USAGE = YES_ERROR;
				CLANG_WARN_EMPTY_BODY = YES;
				CLANG_WARN_ENUM_CONVERSION = YES;
				CLANG_WARN_INT_CONVERSION = YES;
				CLANG_WARN_OBJC_ROOT_CLASS = YES_ERROR;
				CLANG_WARN_UNREACHABLE_CODE = YES;
				CLANG_WARN__DUPLICATE_METHOD_MATCH = YES;
				"CODE_SIGN_IDENTITY[sdk=iphoneos*]" = "iPhone Developer";
				COPY_PHASE_STRIP = NO;
				ENABLE_NS_ASSERTIONS = NO;
				ENABLE_STRICT_OBJC_MSGSEND = YES;
				GCC_C_LANGUAGE_STANDARD = gnu99;
				GCC_WARN_64_TO_32_BIT_CONVERSION = YES;
				GCC_WARN_ABOUT_RETURN_TYPE = YES_ERROR;
				GCC_WARN_UNDECLARED_SELECTOR = YES;
				GCC_WARN_UNINITIALIZED_AUTOS = YES_AGGRESSIVE;
				GCC_WARN_UNUSED_FUNCTION = YES;
				GCC_WARN_UNUSED_VARIABLE = YES;
				IPHONEOS_DEPLOYMENT_TARGET = 6.0;
				MTL_ENABLE_DEBUG_INFO = NO;
				SDKROOT = iphoneos;
				VALIDATE_PRODUCT = YES;
			};
			name = Release;
		};
		5ADA02AE1B7489B00020BFD2 /* Debug */ = {
			isa = XCBuildConfiguration;
			buildSettings = {
				ASSETCATALOG_COMPILER_APPICON_NAME = AppIcon;
				GCC_PREFIX_HEADER = "$(SRCROOT)/CBMovie/CBMovie-Prefix.pch";
				INFOPLIST_FILE = CBMovie/Info.plist;
				LD_RUNPATH_SEARCH_PATHS = "$(inherited) @executable_path/Frameworks";
				LIBRARY_SEARCH_PATHS = (
					"$(inherited)",
					"$(PROJECT_DIR)/CBMovie/UMAnalytics_Sdk_3.5.10",
					"$(PROJECT_DIR)/CBMovie/umsdk_IOS_analytics_idfa_v3.5.10/UMAnalytics_Sdk_3.5.10",
					"$(PROJECT_DIR)/CBMovie/ZBarSDK",
					"$(PROJECT_DIR)/CBMovie/zbar_iOS7_Fix",
				);
				PRODUCT_NAME = "$(TARGET_NAME)";
			};
			name = Debug;
		};
		5ADA02AF1B7489B00020BFD2 /* Release */ = {
			isa = XCBuildConfiguration;
			buildSettings = {
				ASSETCATALOG_COMPILER_APPICON_NAME = AppIcon;
				GCC_PREFIX_HEADER = "$(SRCROOT)/CBMovie/CBMovie-Prefix.pch";
				INFOPLIST_FILE = CBMovie/Info.plist;
				LD_RUNPATH_SEARCH_PATHS = "$(inherited) @executable_path/Frameworks";
				LIBRARY_SEARCH_PATHS = (
					"$(inherited)",
					"$(PROJECT_DIR)/CBMovie/UMAnalytics_Sdk_3.5.10",
					"$(PROJECT_DIR)/CBMovie/umsdk_IOS_analytics_idfa_v3.5.10/UMAnalytics_Sdk_3.5.10",
					"$(PROJECT_DIR)/CBMovie/ZBarSDK",
					"$(PROJECT_DIR)/CBMovie/zbar_iOS7_Fix",
				);
				PRODUCT_NAME = "$(TARGET_NAME)";
			};
			name = Release;
		};
		5ADA02B11B7489B00020BFD2 /* Debug */ = {
			isa = XCBuildConfiguration;
			buildSettings = {
				BUNDLE_LOADER = "$(TEST_HOST)";
				FRAMEWORK_SEARCH_PATHS = (
					"$(SDKROOT)/Developer/Library/Frameworks",
					"$(inherited)",
				);
				GCC_PREPROCESSOR_DEFINITIONS = (
					"DEBUG=1",
					"$(inherited)",
				);
				INFOPLIST_FILE = CBMovieTests/Info.plist;
				LD_RUNPATH_SEARCH_PATHS = "$(inherited) @executable_path/Frameworks @loader_path/Frameworks";
				PRODUCT_NAME = "$(TARGET_NAME)";
				TEST_HOST = "$(BUILT_PRODUCTS_DIR)/CBMovie.app/CBMovie";
			};
			name = Debug;
		};
		5ADA02B21B7489B00020BFD2 /* Release */ = {
			isa = XCBuildConfiguration;
			buildSettings = {
				BUNDLE_LOADER = "$(TEST_HOST)";
				FRAMEWORK_SEARCH_PATHS = (
					"$(SDKROOT)/Developer/Library/Frameworks",
					"$(inherited)",
				);
				INFOPLIST_FILE = CBMovieTests/Info.plist;
				LD_RUNPATH_SEARCH_PATHS = "$(inherited) @executable_path/Frameworks @loader_path/Frameworks";
				PRODUCT_NAME = "$(TARGET_NAME)";
				TEST_HOST = "$(BUILT_PRODUCTS_DIR)/CBMovie.app/CBMovie";
			};
			name = Release;
		};
/* End XCBuildConfiguration section */

/* Begin XCConfigurationList section */
		5ADA02851B7489B00020BFD2 /* Build configuration list for PBXProject "CBMovie" */ = {
			isa = XCConfigurationList;
			buildConfigurations = (
				5ADA02AB1B7489B00020BFD2 /* Debug */,
				5ADA02AC1B7489B00020BFD2 /* Release */,
			);
			defaultConfigurationIsVisible = 0;
			defaultConfigurationName = Release;
		};
		5ADA02AD1B7489B00020BFD2 /* Build configuration list for PBXNativeTarget "CBMovie" */ = {
			isa = XCConfigurationList;
			buildConfigurations = (
				5ADA02AE1B7489B00020BFD2 /* Debug */,
				5ADA02AF1B7489B00020BFD2 /* Release */,
			);
			defaultConfigurationIsVisible = 0;
			defaultConfigurationName = Release;
		};
		5ADA02B01B7489B00020BFD2 /* Build configuration list for PBXNativeTarget "CBMovieTests" */ = {
			isa = XCConfigurationList;
			buildConfigurations = (
				5ADA02B11B7489B00020BFD2 /* Debug */,
				5ADA02B21B7489B00020BFD2 /* Release */,
			);
			defaultConfigurationIsVisible = 0;
			defaultConfigurationName = Release;
		};
/* End XCConfigurationList section */

/* Begin XCVersionGroup section */
		5A96D6A41B8B0F4E00F88664 /* CBMovie.xcdatamodeld */ = {
			isa = XCVersionGroup;
			children = (
				5A96D6A51B8B0F4E00F88664 /* CBMovie.xcdatamodel */,
			);
			currentVersion = 5A96D6A51B8B0F4E00F88664 /* CBMovie.xcdatamodel */;
			path = CBMovie.xcdatamodeld;
			sourceTree = "<group>";
			versionGroupType = wrapper.xcdatamodel;
		};
/* End XCVersionGroup section */
	};
	rootObject = 5ADA02821B7489B00020BFD2 /* Project object */;
}
